// !$*UTF8*$!
{
	archiveVersion = 1;
	classes = {
	};
	objectVersion = 51;
	objects = {

/* Begin PBXBuildFile section */
		049C75F228F499A38FFE9DF1 /* Pods_SampleApp_iOS.framework in Frameworks */ = {isa = PBXBuildFile; fileRef = EAB0210E430D48E41E3F8722 /* Pods_SampleApp_iOS.framework */; };
		1F27AC8222E5A6F400551039 /* Int+Convenience.swift in Sources */ = {isa = PBXBuildFile; fileRef = 1F27AC8122E5A6F400551039 /* Int+Convenience.swift */; };
		1F38DD1D22C22C7100E29841 /* SampleApp.swift in Sources */ = {isa = PBXBuildFile; fileRef = 1F38DD1C22C22C7100E29841 /* SampleApp.swift */; };
		1F38DD2A22C9EDCD00E29841 /* SampleAppError.swift in Sources */ = {isa = PBXBuildFile; fileRef = 1F38DD2922C9EDCD00E29841 /* SampleAppError.swift */; };
		1F7C9BE223597BCD0085201E /* UserDefaultsWrapper.swift in Sources */ = {isa = PBXBuildFile; fileRef = 1F7C9BE123597BCD0085201E /* UserDefaultsWrapper.swift */; };
		1F815108231F7BEF00FA1970 /* DisplayAudioPlayerView.swift in Sources */ = {isa = PBXBuildFile; fileRef = 1FA45DA922E30CC500E2FA59 /* DisplayAudioPlayerView.swift */; };
		1F9F6ECE22D0895D00CD4888 /* UserDefaults+Romaine.swift in Sources */ = {isa = PBXBuildFile; fileRef = 1F9F6ECD22D0895D00CD4888 /* UserDefaults+Romaine.swift */; };
		1F9F6ED022D089C300CD4888 /* UserDefaults+Standard.swift in Sources */ = {isa = PBXBuildFile; fileRef = 1F9F6ECF22D089C300CD4888 /* UserDefaults+Standard.swift */; };
		1F9F6EDA22D4995200CD4888 /* SettingViewController.swift in Sources */ = {isa = PBXBuildFile; fileRef = 1F9F6ED322D4995200CD4888 /* SettingViewController.swift */; };
		1F9F6EDC22D4995200CD4888 /* IntroViewController.swift in Sources */ = {isa = PBXBuildFile; fileRef = 1F9F6ED522D4995200CD4888 /* IntroViewController.swift */; };
		1F9F6EDE22D4995200CD4888 /* MainViewController.swift in Sources */ = {isa = PBXBuildFile; fileRef = 1F9F6ED722D4995200CD4888 /* MainViewController.swift */; };
		1F9F6EE322D4996C00CD4888 /* NuguWebView.swift in Sources */ = {isa = PBXBuildFile; fileRef = 1F9F6EE222D4996C00CD4888 /* NuguWebView.swift */; };
		1F9F6EF122E05DCB00CD4888 /* UIColor+Convenience.swift in Sources */ = {isa = PBXBuildFile; fileRef = 1F9F6EF022E05DCB00CD4888 /* UIColor+Convenience.swift */; };
		1F9F6EF922E2F39800CD4888 /* WebViewController.swift in Sources */ = {isa = PBXBuildFile; fileRef = 1F9F6EF822E2F39800CD4888 /* WebViewController.swift */; };
		1FA45DAC22E31C0500E2FA59 /* ImageDataLoader.swift in Sources */ = {isa = PBXBuildFile; fileRef = 1FA45DAB22E31C0500E2FA59 /* ImageDataLoader.swift */; };
		1FE9559122F444E80042904B /* NuguDisplayPlayerController.swift in Sources */ = {isa = PBXBuildFile; fileRef = 1FE9559022F444E70042904B /* NuguDisplayPlayerController.swift */; };
		7EFFD77E22B2279D0043E6AB /* GoogleService-Info.plist in Resources */ = {isa = PBXBuildFile; fileRef = 7EFFD77D22B2279D0043E6AB /* GoogleService-Info.plist */; };
		A1766AEC22B0E0410036D53A /* AppDelegate.swift in Sources */ = {isa = PBXBuildFile; fileRef = A1766AEB22B0E0410036D53A /* AppDelegate.swift */; };
		A1766AF122B0E0410036D53A /* Main.storyboard in Resources */ = {isa = PBXBuildFile; fileRef = A1766AEF22B0E0410036D53A /* Main.storyboard */; };
		A1766AF322B0E0430036D53A /* Assets.xcassets in Resources */ = {isa = PBXBuildFile; fileRef = A1766AF222B0E0430036D53A /* Assets.xcassets */; };
		A1766AF622B0E0430036D53A /* LaunchScreen.storyboard in Resources */ = {isa = PBXBuildFile; fileRef = A1766AF422B0E0430036D53A /* LaunchScreen.storyboard */; };
		A1B3F52422BA3059003C8F17 /* NuguCentralManager.swift in Sources */ = {isa = PBXBuildFile; fileRef = A1B3F52322BA3059003C8F17 /* NuguCentralManager.swift */; };
		A1B3F52A22BB2D78003C8F17 /* WebKit.framework in Frameworks */ = {isa = PBXBuildFile; fileRef = A1B3F52922BB2D78003C8F17 /* WebKit.framework */; };
		A1B4CC7323728F4C00867AEC /* DisplayBodyListView.swift in Sources */ = {isa = PBXBuildFile; fileRef = A1B4CC7223728F4C00867AEC /* DisplayBodyListView.swift */; };
		A1B4CC7523728F7300867AEC /* DisplayBodyListView.xib in Resources */ = {isa = PBXBuildFile; fileRef = A1B4CC7423728F7300867AEC /* DisplayBodyListView.xib */; };
		A1B4CC772372942900867AEC /* DisplayBodyListViewCell.swift in Sources */ = {isa = PBXBuildFile; fileRef = A1B4CC762372942900867AEC /* DisplayBodyListViewCell.swift */; };
		A1B4CC792372943900867AEC /* DisplayBodyListViewCell.xib in Resources */ = {isa = PBXBuildFile; fileRef = A1B4CC782372943900867AEC /* DisplayBodyListViewCell.xib */; };
		A1B4CC7B2372963400867AEC /* DisplayView.swift in Sources */ = {isa = PBXBuildFile; fileRef = A1B4CC7A2372963400867AEC /* DisplayView.swift */; };
		A1B4CC7D2372C85600867AEC /* DisplayBodyTemplate.swift in Sources */ = {isa = PBXBuildFile; fileRef = A1B4CC7C2372C85600867AEC /* DisplayBodyTemplate.swift */; };
		A1B4CC7F2372C86400867AEC /* DisplayListTemplate.swift in Sources */ = {isa = PBXBuildFile; fileRef = A1B4CC7E2372C86400867AEC /* DisplayListTemplate.swift */; };
		A1B4CC812372C87400867AEC /* DisplayBodyListTemplate.swift in Sources */ = {isa = PBXBuildFile; fileRef = A1B4CC802372C87400867AEC /* DisplayBodyListTemplate.swift */; };
		A1C305E422C0915400D6BE1C /* asrFail.wav in Resources */ = {isa = PBXBuildFile; fileRef = A1C305E122C0915400D6BE1C /* asrFail.wav */; };
		A1C305E522C0915400D6BE1C /* asrStart.wav in Resources */ = {isa = PBXBuildFile; fileRef = A1C305E222C0915400D6BE1C /* asrStart.wav */; };
		A1C305E622C0915400D6BE1C /* asrSuccess.wav in Resources */ = {isa = PBXBuildFile; fileRef = A1C305E322C0915400D6BE1C /* asrSuccess.wav */; };
		A1C305E822C0AC8F00D6BE1C /* SoundPlayer.swift in Sources */ = {isa = PBXBuildFile; fileRef = A1C305E722C0AC8F00D6BE1C /* SoundPlayer.swift */; };
		A1C3061122C49B4300D6BE1C /* LA.json in Resources */ = {isa = PBXBuildFile; fileRef = A1C3060322C49B4300D6BE1C /* LA.json */; };
		A1C3061222C49B4300D6BE1C /* LP.json in Resources */ = {isa = PBXBuildFile; fileRef = A1C3060522C49B4300D6BE1C /* LP.json */; };
		A1C3061722C49B4300D6BE1C /* PC_01_start.json in Resources */ = {isa = PBXBuildFile; fileRef = A1C3060C22C49B4300D6BE1C /* PC_01_start.json */; };
		A1C3061822C49B4300D6BE1C /* PC_02.json in Resources */ = {isa = PBXBuildFile; fileRef = A1C3060D22C49B4300D6BE1C /* PC_02.json */; };
		A1C6AD932303ABE80076C041 /* DisplayBodyView.swift in Sources */ = {isa = PBXBuildFile; fileRef = A1C6AD922303ABE80076C041 /* DisplayBodyView.swift */; };
		A1C6AD952303AC010076C041 /* DisplayBodyView.xib in Resources */ = {isa = PBXBuildFile; fileRef = A1C6AD942303AC010076C041 /* DisplayBodyView.xib */; };
		A1C6ADAA2303BA100076C041 /* DisplayListView.swift in Sources */ = {isa = PBXBuildFile; fileRef = A1C6ADA92303BA100076C041 /* DisplayListView.swift */; };
		A1C6ADBC2303BAB90076C041 /* DisplayListView.xib in Resources */ = {isa = PBXBuildFile; fileRef = A1C6ADBB2303BAB90076C041 /* DisplayListView.xib */; };
		A1C6ADCC2306649F0076C041 /* DisplayListViewCell.swift in Sources */ = {isa = PBXBuildFile; fileRef = A1C6ADCA2306649F0076C041 /* DisplayListViewCell.swift */; };
		A1C6ADCD2306649F0076C041 /* DisplayListViewCell.xib in Resources */ = {isa = PBXBuildFile; fileRef = A1C6ADCB2306649F0076C041 /* DisplayListViewCell.xib */; };
		A1C6ADD32313EA740076C041 /* DisplayAudioPlayerView.xib in Resources */ = {isa = PBXBuildFile; fileRef = A1C6ADD22313EA740076C041 /* DisplayAudioPlayerView.xib */; };
		A1C6ADF72316B0C70076C041 /* SP_none.json in Resources */ = {isa = PBXBuildFile; fileRef = A1C6ADF32316B0C70076C041 /* SP_none.json */; };
		A1C6ADF82316B0C70076C041 /* SP_02.json in Resources */ = {isa = PBXBuildFile; fileRef = A1C6ADF42316B0C70076C041 /* SP_02.json */; };
		A1C6ADF92316B0C70076C041 /* SP_01_start.json in Resources */ = {isa = PBXBuildFile; fileRef = A1C6ADF52316B0C70076C041 /* SP_01_start.json */; };
		A1C6ADFA2316B0C70076C041 /* SP_03_final.json in Resources */ = {isa = PBXBuildFile; fileRef = A1C6ADF62316B0C70076C041 /* SP_03_final.json */; };
		A1CB9449232618E200DFD8B4 /* NuguToastManager.swift in Sources */ = {isa = PBXBuildFile; fileRef = A1CB9448232618E200DFD8B4 /* NuguToastManager.swift */; };
/* End PBXBuildFile section */

/* Begin PBXFileReference section */
		0A7D33498DC7E9BBA4CF49E7 /* Pods-SampleApp-iOS.release.xcconfig */ = {isa = PBXFileReference; includeInIndex = 1; lastKnownFileType = text.xcconfig; name = "Pods-SampleApp-iOS.release.xcconfig"; path = "Target Support Files/Pods-SampleApp-iOS/Pods-SampleApp-iOS.release.xcconfig"; sourceTree = "<group>"; };
		132AC3F8C70BC1BEDEFE58C5 /* Pods-SampleApp-iOS.debug.xcconfig */ = {isa = PBXFileReference; includeInIndex = 1; lastKnownFileType = text.xcconfig; name = "Pods-SampleApp-iOS.debug.xcconfig"; path = "Target Support Files/Pods-SampleApp-iOS/Pods-SampleApp-iOS.debug.xcconfig"; sourceTree = "<group>"; };
		1F27AC8122E5A6F400551039 /* Int+Convenience.swift */ = {isa = PBXFileReference; lastKnownFileType = sourcecode.swift; path = "Int+Convenience.swift"; sourceTree = "<group>"; };
		1F38DD1C22C22C7100E29841 /* SampleApp.swift */ = {isa = PBXFileReference; lastKnownFileType = sourcecode.swift; path = SampleApp.swift; sourceTree = "<group>"; };
		1F38DD2922C9EDCD00E29841 /* SampleAppError.swift */ = {isa = PBXFileReference; fileEncoding = 4; lastKnownFileType = sourcecode.swift; path = SampleAppError.swift; sourceTree = "<group>"; };
		1F7C9BE123597BCD0085201E /* UserDefaultsWrapper.swift */ = {isa = PBXFileReference; lastKnownFileType = sourcecode.swift; path = UserDefaultsWrapper.swift; sourceTree = "<group>"; };
		1F9F6ECB22D0851C00CD4888 /* SampleApp-iOS.entitlements */ = {isa = PBXFileReference; lastKnownFileType = text.plist.entitlements; path = "SampleApp-iOS.entitlements"; sourceTree = "<group>"; };
		1F9F6ECD22D0895D00CD4888 /* UserDefaults+Romaine.swift */ = {isa = PBXFileReference; lastKnownFileType = sourcecode.swift; path = "UserDefaults+Romaine.swift"; sourceTree = "<group>"; };
		1F9F6ECF22D089C300CD4888 /* UserDefaults+Standard.swift */ = {isa = PBXFileReference; lastKnownFileType = sourcecode.swift; path = "UserDefaults+Standard.swift"; sourceTree = "<group>"; };
		1F9F6ED322D4995200CD4888 /* SettingViewController.swift */ = {isa = PBXFileReference; fileEncoding = 4; lastKnownFileType = sourcecode.swift; path = SettingViewController.swift; sourceTree = "<group>"; };
		1F9F6ED522D4995200CD4888 /* IntroViewController.swift */ = {isa = PBXFileReference; fileEncoding = 4; lastKnownFileType = sourcecode.swift; path = IntroViewController.swift; sourceTree = "<group>"; };
		1F9F6ED722D4995200CD4888 /* MainViewController.swift */ = {isa = PBXFileReference; fileEncoding = 4; lastKnownFileType = sourcecode.swift; path = MainViewController.swift; sourceTree = "<group>"; };
		1F9F6EE222D4996C00CD4888 /* NuguWebView.swift */ = {isa = PBXFileReference; lastKnownFileType = sourcecode.swift; path = NuguWebView.swift; sourceTree = "<group>"; };
		1F9F6EF022E05DCB00CD4888 /* UIColor+Convenience.swift */ = {isa = PBXFileReference; lastKnownFileType = sourcecode.swift; path = "UIColor+Convenience.swift"; sourceTree = "<group>"; };
		1F9F6EF822E2F39800CD4888 /* WebViewController.swift */ = {isa = PBXFileReference; fileEncoding = 4; lastKnownFileType = sourcecode.swift; path = WebViewController.swift; sourceTree = "<group>"; };
		1FA45DA922E30CC500E2FA59 /* DisplayAudioPlayerView.swift */ = {isa = PBXFileReference; lastKnownFileType = sourcecode.swift; path = DisplayAudioPlayerView.swift; sourceTree = "<group>"; };
		1FA45DAB22E31C0500E2FA59 /* ImageDataLoader.swift */ = {isa = PBXFileReference; lastKnownFileType = sourcecode.swift; path = ImageDataLoader.swift; sourceTree = "<group>"; };
		1FE9559022F444E70042904B /* NuguDisplayPlayerController.swift */ = {isa = PBXFileReference; lastKnownFileType = sourcecode.swift; path = NuguDisplayPlayerController.swift; sourceTree = "<group>"; };
		7EAFA0FB22EC34E2002A44A1 /* README.md */ = {isa = PBXFileReference; lastKnownFileType = net.daringfireball.markdown; path = README.md; sourceTree = SOURCE_ROOT; };
		7EFFD77D22B2279D0043E6AB /* GoogleService-Info.plist */ = {isa = PBXFileReference; fileEncoding = 4; lastKnownFileType = text.plist.xml; path = "GoogleService-Info.plist"; sourceTree = "<group>"; };
		A1766AE822B0E0410036D53A /* SampleApp-iOS.app */ = {isa = PBXFileReference; explicitFileType = wrapper.application; includeInIndex = 0; path = "SampleApp-iOS.app"; sourceTree = BUILT_PRODUCTS_DIR; };
		A1766AEB22B0E0410036D53A /* AppDelegate.swift */ = {isa = PBXFileReference; lastKnownFileType = sourcecode.swift; path = AppDelegate.swift; sourceTree = "<group>"; };
		A1766AF022B0E0410036D53A /* Base */ = {isa = PBXFileReference; lastKnownFileType = file.storyboard; name = Base; path = Base.lproj/Main.storyboard; sourceTree = "<group>"; };
		A1766AF222B0E0430036D53A /* Assets.xcassets */ = {isa = PBXFileReference; lastKnownFileType = folder.assetcatalog; path = Assets.xcassets; sourceTree = "<group>"; };
		A1766AF522B0E0430036D53A /* Base */ = {isa = PBXFileReference; lastKnownFileType = file.storyboard; name = Base; path = Base.lproj/LaunchScreen.storyboard; sourceTree = "<group>"; };
		A1766AF722B0E0430036D53A /* Info.plist */ = {isa = PBXFileReference; lastKnownFileType = text.plist.xml; path = Info.plist; sourceTree = "<group>"; };
		A1B3F52322BA3059003C8F17 /* NuguCentralManager.swift */ = {isa = PBXFileReference; lastKnownFileType = sourcecode.swift; path = NuguCentralManager.swift; sourceTree = "<group>"; };
		A1B3F52922BB2D78003C8F17 /* WebKit.framework */ = {isa = PBXFileReference; lastKnownFileType = wrapper.framework; name = WebKit.framework; path = System/Library/Frameworks/WebKit.framework; sourceTree = SDKROOT; };
		A1B4CC7223728F4C00867AEC /* DisplayBodyListView.swift */ = {isa = PBXFileReference; lastKnownFileType = sourcecode.swift; path = DisplayBodyListView.swift; sourceTree = "<group>"; };
		A1B4CC7423728F7300867AEC /* DisplayBodyListView.xib */ = {isa = PBXFileReference; lastKnownFileType = file.xib; path = DisplayBodyListView.xib; sourceTree = "<group>"; };
		A1B4CC762372942900867AEC /* DisplayBodyListViewCell.swift */ = {isa = PBXFileReference; lastKnownFileType = sourcecode.swift; path = DisplayBodyListViewCell.swift; sourceTree = "<group>"; };
		A1B4CC782372943900867AEC /* DisplayBodyListViewCell.xib */ = {isa = PBXFileReference; lastKnownFileType = file.xib; path = DisplayBodyListViewCell.xib; sourceTree = "<group>"; };
		A1B4CC7A2372963400867AEC /* DisplayView.swift */ = {isa = PBXFileReference; lastKnownFileType = sourcecode.swift; path = DisplayView.swift; sourceTree = "<group>"; };
		A1B4CC7C2372C85600867AEC /* DisplayBodyTemplate.swift */ = {isa = PBXFileReference; lastKnownFileType = sourcecode.swift; path = DisplayBodyTemplate.swift; sourceTree = "<group>"; };
		A1B4CC7E2372C86400867AEC /* DisplayListTemplate.swift */ = {isa = PBXFileReference; lastKnownFileType = sourcecode.swift; path = DisplayListTemplate.swift; sourceTree = "<group>"; };
		A1B4CC802372C87400867AEC /* DisplayBodyListTemplate.swift */ = {isa = PBXFileReference; lastKnownFileType = sourcecode.swift; path = DisplayBodyListTemplate.swift; sourceTree = "<group>"; };
		A1C305E122C0915400D6BE1C /* asrFail.wav */ = {isa = PBXFileReference; lastKnownFileType = audio.wav; path = asrFail.wav; sourceTree = "<group>"; };
		A1C305E222C0915400D6BE1C /* asrStart.wav */ = {isa = PBXFileReference; lastKnownFileType = audio.wav; path = asrStart.wav; sourceTree = "<group>"; };
		A1C305E322C0915400D6BE1C /* asrSuccess.wav */ = {isa = PBXFileReference; lastKnownFileType = audio.wav; path = asrSuccess.wav; sourceTree = "<group>"; };
		A1C305E722C0AC8F00D6BE1C /* SoundPlayer.swift */ = {isa = PBXFileReference; lastKnownFileType = sourcecode.swift; path = SoundPlayer.swift; sourceTree = "<group>"; };
		A1C3060322C49B4300D6BE1C /* LA.json */ = {isa = PBXFileReference; fileEncoding = 4; lastKnownFileType = text.json; path = LA.json; sourceTree = "<group>"; };
		A1C3060522C49B4300D6BE1C /* LP.json */ = {isa = PBXFileReference; fileEncoding = 4; lastKnownFileType = text.json; path = LP.json; sourceTree = "<group>"; };
		A1C3060C22C49B4300D6BE1C /* PC_01_start.json */ = {isa = PBXFileReference; fileEncoding = 4; lastKnownFileType = text.json; path = PC_01_start.json; sourceTree = "<group>"; };
		A1C3060D22C49B4300D6BE1C /* PC_02.json */ = {isa = PBXFileReference; fileEncoding = 4; lastKnownFileType = text.json; path = PC_02.json; sourceTree = "<group>"; };
		A1C6AD922303ABE80076C041 /* DisplayBodyView.swift */ = {isa = PBXFileReference; lastKnownFileType = sourcecode.swift; path = DisplayBodyView.swift; sourceTree = "<group>"; };
		A1C6AD942303AC010076C041 /* DisplayBodyView.xib */ = {isa = PBXFileReference; lastKnownFileType = file.xib; path = DisplayBodyView.xib; sourceTree = "<group>"; };
		A1C6ADA92303BA100076C041 /* DisplayListView.swift */ = {isa = PBXFileReference; lastKnownFileType = sourcecode.swift; path = DisplayListView.swift; sourceTree = "<group>"; };
		A1C6ADBB2303BAB90076C041 /* DisplayListView.xib */ = {isa = PBXFileReference; lastKnownFileType = file.xib; path = DisplayListView.xib; sourceTree = "<group>"; };
		A1C6ADCA2306649F0076C041 /* DisplayListViewCell.swift */ = {isa = PBXFileReference; lastKnownFileType = sourcecode.swift; path = DisplayListViewCell.swift; sourceTree = "<group>"; };
		A1C6ADCB2306649F0076C041 /* DisplayListViewCell.xib */ = {isa = PBXFileReference; lastKnownFileType = file.xib; path = DisplayListViewCell.xib; sourceTree = "<group>"; };
		A1C6ADD22313EA740076C041 /* DisplayAudioPlayerView.xib */ = {isa = PBXFileReference; lastKnownFileType = file.xib; path = DisplayAudioPlayerView.xib; sourceTree = "<group>"; };
		A1C6ADF32316B0C70076C041 /* SP_none.json */ = {isa = PBXFileReference; fileEncoding = 4; lastKnownFileType = text.json; path = SP_none.json; sourceTree = "<group>"; };
		A1C6ADF42316B0C70076C041 /* SP_02.json */ = {isa = PBXFileReference; fileEncoding = 4; lastKnownFileType = text.json; path = SP_02.json; sourceTree = "<group>"; };
		A1C6ADF52316B0C70076C041 /* SP_01_start.json */ = {isa = PBXFileReference; fileEncoding = 4; lastKnownFileType = text.json; path = SP_01_start.json; sourceTree = "<group>"; };
		A1C6ADF62316B0C70076C041 /* SP_03_final.json */ = {isa = PBXFileReference; fileEncoding = 4; lastKnownFileType = text.json; path = SP_03_final.json; sourceTree = "<group>"; };
		A1CB9448232618E200DFD8B4 /* NuguToastManager.swift */ = {isa = PBXFileReference; fileEncoding = 4; lastKnownFileType = sourcecode.swift; path = NuguToastManager.swift; sourceTree = "<group>"; };
		EAB0210E430D48E41E3F8722 /* Pods_SampleApp_iOS.framework */ = {isa = PBXFileReference; explicitFileType = wrapper.framework; includeInIndex = 0; path = Pods_SampleApp_iOS.framework; sourceTree = BUILT_PRODUCTS_DIR; };
/* End PBXFileReference section */

/* Begin PBXFrameworksBuildPhase section */
		A1766AE522B0E0410036D53A /* Frameworks */ = {
			isa = PBXFrameworksBuildPhase;
			buildActionMask = 2147483647;
			files = (
				A1B3F52A22BB2D78003C8F17 /* WebKit.framework in Frameworks */,
				049C75F228F499A38FFE9DF1 /* Pods_SampleApp_iOS.framework in Frameworks */,
			);
			runOnlyForDeploymentPostprocessing = 0;
		};
/* End PBXFrameworksBuildPhase section */

/* Begin PBXGroup section */
		1F38DD2422C9D6D500E29841 /* Network */ = {
			isa = PBXGroup;
			children = (
				1FA45DAB22E31C0500E2FA59 /* ImageDataLoader.swift */,
			);
			path = Network;
			sourceTree = "<group>";
		};
		1F9F6ECC22D0893D00CD4888 /* Store */ = {
			isa = PBXGroup;
			children = (
				1F9F6ECD22D0895D00CD4888 /* UserDefaults+Romaine.swift */,
				1F9F6ECF22D089C300CD4888 /* UserDefaults+Standard.swift */,
				1F7C9BE123597BCD0085201E /* UserDefaultsWrapper.swift */,
			);
			path = Store;
			sourceTree = "<group>";
		};
		1F9F6ED222D4995200CD4888 /* UI */ = {
			isa = PBXGroup;
			children = (
				1F9F6EE122D4995A00CD4888 /* Views */,
				1F9F6ED322D4995200CD4888 /* SettingViewController.swift */,
				1F9F6ED522D4995200CD4888 /* IntroViewController.swift */,
				1F9F6ED722D4995200CD4888 /* MainViewController.swift */,
				1F9F6EF822E2F39800CD4888 /* WebViewController.swift */,
			);
			path = UI;
			sourceTree = "<group>";
		};
		1F9F6EE122D4995A00CD4888 /* Views */ = {
			isa = PBXGroup;
			children = (
				A1C6AD962303B8FD0076C041 /* DisplayViews */,
				1F9F6EE222D4996C00CD4888 /* NuguWebView.swift */,
				A1CB9448232618E200DFD8B4 /* NuguToastManager.swift */,
			);
			path = Views;
			sourceTree = "<group>";
		};
		1F9F6EED22E05CEA00CD4888 /* Util */ = {
			isa = PBXGroup;
			children = (
				1F9F6EF022E05DCB00CD4888 /* UIColor+Convenience.swift */,
				1F27AC8122E5A6F400551039 /* Int+Convenience.swift */,
			);
			path = Util;
			sourceTree = "<group>";
		};
		1F9F6EF222E06F3500CD4888 /* Manager */ = {
			isa = PBXGroup;
			children = (
				A1B3F52322BA3059003C8F17 /* NuguCentralManager.swift */,
				1FE9559022F444E70042904B /* NuguDisplayPlayerController.swift */,
				A1C305E722C0AC8F00D6BE1C /* SoundPlayer.swift */,
			);
			path = Manager;
			sourceTree = "<group>";
		};
		1F9F6EF322E06F5A00CD4888 /* Const */ = {
			isa = PBXGroup;
			children = (
				1F38DD1C22C22C7100E29841 /* SampleApp.swift */,
				1F38DD2922C9EDCD00E29841 /* SampleAppError.swift */,
			);
			path = Const;
			sourceTree = "<group>";
		};
		28880AC2A5A5A22FAB487DF8 /* Pods */ = {
			isa = PBXGroup;
			children = (
				132AC3F8C70BC1BEDEFE58C5 /* Pods-SampleApp-iOS.debug.xcconfig */,
				0A7D33498DC7E9BBA4CF49E7 /* Pods-SampleApp-iOS.release.xcconfig */,
			);
			path = Pods;
			sourceTree = "<group>";
		};
		5C05219A0D3D20B73DEDE6CA /* Frameworks */ = {
			isa = PBXGroup;
			children = (
				A1B3F52922BB2D78003C8F17 /* WebKit.framework */,
				EAB0210E430D48E41E3F8722 /* Pods_SampleApp_iOS.framework */,
			);
			name = Frameworks;
			sourceTree = "<group>";
		};
		7EAFA0FA22EC34B5002A44A1 /* Documentation */ = {
			isa = PBXGroup;
			children = (
				7EAFA0FB22EC34E2002A44A1 /* README.md */,
			);
			path = Documentation;
			sourceTree = "<group>";
		};
		7EFFD77C22B2279D0043E6AB /* Supporting Files */ = {
			isa = PBXGroup;
			children = (
				A1129285234C72660093F25E /* SoundResource */,
				A1C305FD22C49B4300D6BE1C /* LottieAnimation */,
				7EFFD77D22B2279D0043E6AB /* GoogleService-Info.plist */,
			);
			path = "Supporting Files";
			sourceTree = "<group>";
		};
		A1129285234C72660093F25E /* SoundResource */ = {
			isa = PBXGroup;
			children = (
				A1C305E122C0915400D6BE1C /* asrFail.wav */,
				A1C305E222C0915400D6BE1C /* asrStart.wav */,
				A1C305E322C0915400D6BE1C /* asrSuccess.wav */,
			);
			path = SoundResource;
			sourceTree = "<group>";
		};
		A1766ADF22B0E0410036D53A = {
			isa = PBXGroup;
			children = (
				A1766AEA22B0E0410036D53A /* SampleApp-iOS */,
				A1766AE922B0E0410036D53A /* Products */,
				28880AC2A5A5A22FAB487DF8 /* Pods */,
				5C05219A0D3D20B73DEDE6CA /* Frameworks */,
			);
			sourceTree = "<group>";
		};
		A1766AE922B0E0410036D53A /* Products */ = {
			isa = PBXGroup;
			children = (
				A1766AE822B0E0410036D53A /* SampleApp-iOS.app */,
			);
			name = Products;
			sourceTree = "<group>";
		};
		A1766AEA22B0E0410036D53A /* SampleApp-iOS */ = {
			isa = PBXGroup;
			children = (
				7EAFA0FA22EC34B5002A44A1 /* Documentation */,
				1F9F6ECB22D0851C00CD4888 /* SampleApp-iOS.entitlements */,
				1F9F6EF222E06F3500CD4888 /* Manager */,
				1F9F6ED222D4995200CD4888 /* UI */,
				1F9F6ECC22D0893D00CD4888 /* Store */,
				1F38DD2422C9D6D500E29841 /* Network */,
				1F9F6EED22E05CEA00CD4888 /* Util */,
				1F9F6EF322E06F5A00CD4888 /* Const */,
				7EFFD77C22B2279D0043E6AB /* Supporting Files */,
				A1766AEB22B0E0410036D53A /* AppDelegate.swift */,
				A1766AEF22B0E0410036D53A /* Main.storyboard */,
				A1766AF222B0E0430036D53A /* Assets.xcassets */,
				A1766AF422B0E0430036D53A /* LaunchScreen.storyboard */,
				A1766AF722B0E0430036D53A /* Info.plist */,
			);
			path = "SampleApp-iOS";
			sourceTree = "<group>";
		};
		A1B4CC7123728D9300867AEC /* Models */ = {
			isa = PBXGroup;
			children = (
				A1B4CC7C2372C85600867AEC /* DisplayBodyTemplate.swift */,
				A1B4CC7E2372C86400867AEC /* DisplayListTemplate.swift */,
				A1B4CC802372C87400867AEC /* DisplayBodyListTemplate.swift */,
			);
			path = Models;
			sourceTree = "<group>";
		};
		A1C305FD22C49B4300D6BE1C /* LottieAnimation */ = {
			isa = PBXGroup;
			children = (
				A1C3060422C49B4300D6BE1C /* 01 Listening-Passive */,
				A1C3060222C49B4300D6BE1C /* 02 Listening-Active */,
				A1C3060B22C49B4300D6BE1C /* 03 Processing */,
				A1C6ADF22316B0C70076C041 /* 04 Speaking */,
			);
			path = LottieAnimation;
			sourceTree = "<group>";
		};
		A1C3060222C49B4300D6BE1C /* 02 Listening-Active */ = {
			isa = PBXGroup;
			children = (
				A1C3060322C49B4300D6BE1C /* LA.json */,
			);
			path = "02 Listening-Active";
			sourceTree = "<group>";
		};
		A1C3060422C49B4300D6BE1C /* 01 Listening-Passive */ = {
			isa = PBXGroup;
			children = (
				A1C3060522C49B4300D6BE1C /* LP.json */,
			);
			path = "01 Listening-Passive";
			sourceTree = "<group>";
		};
		A1C3060B22C49B4300D6BE1C /* 03 Processing */ = {
			isa = PBXGroup;
			children = (
				A1C3060C22C49B4300D6BE1C /* PC_01_start.json */,
				A1C3060D22C49B4300D6BE1C /* PC_02.json */,
			);
			path = "03 Processing";
			sourceTree = "<group>";
		};
		A1C6AD962303B8FD0076C041 /* DisplayViews */ = {
			isa = PBXGroup;
			children = (
				A1B4CC7123728D9300867AEC /* Models */,
				A1C6ADC1230645BF0076C041 /* DisplayViewCell */,
				A1B4CC7A2372963400867AEC /* DisplayView.swift */,
				A1C6AD922303ABE80076C041 /* DisplayBodyView.swift */,
				A1C6AD942303AC010076C041 /* DisplayBodyView.xib */,
				A1C6ADA92303BA100076C041 /* DisplayListView.swift */,
				A1C6ADBB2303BAB90076C041 /* DisplayListView.xib */,
				A1B4CC7223728F4C00867AEC /* DisplayBodyListView.swift */,
				A1B4CC7423728F7300867AEC /* DisplayBodyListView.xib */,
				1FA45DA922E30CC500E2FA59 /* DisplayAudioPlayerView.swift */,
				A1C6ADD22313EA740076C041 /* DisplayAudioPlayerView.xib */,
			);
			path = DisplayViews;
			sourceTree = "<group>";
		};
		A1C6ADC1230645BF0076C041 /* DisplayViewCell */ = {
			isa = PBXGroup;
			children = (
				A1C6ADCA2306649F0076C041 /* DisplayListViewCell.swift */,
				A1C6ADCB2306649F0076C041 /* DisplayListViewCell.xib */,
				A1B4CC762372942900867AEC /* DisplayBodyListViewCell.swift */,
				A1B4CC782372943900867AEC /* DisplayBodyListViewCell.xib */,
			);
			path = DisplayViewCell;
			sourceTree = "<group>";
		};
		A1C6ADF22316B0C70076C041 /* 04 Speaking */ = {
			isa = PBXGroup;
			children = (
				A1C6ADF32316B0C70076C041 /* SP_none.json */,
				A1C6ADF42316B0C70076C041 /* SP_02.json */,
				A1C6ADF52316B0C70076C041 /* SP_01_start.json */,
				A1C6ADF62316B0C70076C041 /* SP_03_final.json */,
			);
			path = "04 Speaking";
			sourceTree = "<group>";
		};
/* End PBXGroup section */

/* Begin PBXNativeTarget section */
		A1766AE722B0E0410036D53A /* SampleApp-iOS */ = {
			isa = PBXNativeTarget;
			buildConfigurationList = A1766AFA22B0E0430036D53A /* Build configuration list for PBXNativeTarget "SampleApp-iOS" */;
			buildPhases = (
				9278D85DF43777E50E3B9220 /* [CP] Check Pods Manifest.lock */,
				A1766AE422B0E0410036D53A /* Sources */,
				A1766AE522B0E0410036D53A /* Frameworks */,
				A1766AE622B0E0410036D53A /* Resources */,
				E5E2D7CF4E279A6DBB22F2AA /* [CP] Embed Pods Frameworks */,
				1F5D443A23694CEC00B1FD35 /* ShellScript */,
			);
			buildRules = (
			);
			dependencies = (
			);
			name = "SampleApp-iOS";
			productName = "SampleApp-iOS";
			productReference = A1766AE822B0E0410036D53A /* SampleApp-iOS.app */;
			productType = "com.apple.product-type.application";
		};
/* End PBXNativeTarget section */

/* Begin PBXProject section */
		A1766AE022B0E0410036D53A /* Project object */ = {
			isa = PBXProject;
			attributes = {
				LastSwiftUpdateCheck = 1020;
				LastUpgradeCheck = 1100;
				ORGANIZATIONNAME = "SK Telecom Co., Ltd";
				TargetAttributes = {
					A1766AE722B0E0410036D53A = {
						CreatedOnToolsVersion = 10.2.1;
						SystemCapabilities = {
							com.apple.ApplicationGroups.iOS = {
								enabled = 1;
							};
							com.apple.BackgroundModes = {
								enabled = 1;
							};
						};
					};
				};
			};
			buildConfigurationList = A1766AE322B0E0410036D53A /* Build configuration list for PBXProject "SampleApp-iOS" */;
			compatibilityVersion = "Xcode 9.3";
			developmentRegion = en;
			hasScannedForEncodings = 0;
			knownRegions = (
				en,
				Base,
			);
			mainGroup = A1766ADF22B0E0410036D53A;
			productRefGroup = A1766AE922B0E0410036D53A /* Products */;
			projectDirPath = "";
			projectRoot = "";
			targets = (
				A1766AE722B0E0410036D53A /* SampleApp-iOS */,
			);
		};
/* End PBXProject section */

/* Begin PBXResourcesBuildPhase section */
		A1766AE622B0E0410036D53A /* Resources */ = {
			isa = PBXResourcesBuildPhase;
			buildActionMask = 2147483647;
			files = (
				A1C305E622C0915400D6BE1C /* asrSuccess.wav in Resources */,
				A1766AF622B0E0430036D53A /* LaunchScreen.storyboard in Resources */,
				A1C6AD952303AC010076C041 /* DisplayBodyView.xib in Resources */,
				A1C6ADF72316B0C70076C041 /* SP_none.json in Resources */,
				A1C6ADCD2306649F0076C041 /* DisplayListViewCell.xib in Resources */,
				A1766AF322B0E0430036D53A /* Assets.xcassets in Resources */,
				A1C3061122C49B4300D6BE1C /* LA.json in Resources */,
				A1C6ADF92316B0C70076C041 /* SP_01_start.json in Resources */,
				A1C305E522C0915400D6BE1C /* asrStart.wav in Resources */,
				A1B4CC792372943900867AEC /* DisplayBodyListViewCell.xib in Resources */,
				A1C6ADFA2316B0C70076C041 /* SP_03_final.json in Resources */,
				A1B4CC7523728F7300867AEC /* DisplayBodyListView.xib in Resources */,
				A1C305E422C0915400D6BE1C /* asrFail.wav in Resources */,
				A1C3061722C49B4300D6BE1C /* PC_01_start.json in Resources */,
				A1C6ADF82316B0C70076C041 /* SP_02.json in Resources */,
				A1C3061222C49B4300D6BE1C /* LP.json in Resources */,
				A1C3061822C49B4300D6BE1C /* PC_02.json in Resources */,
				A1C6ADD32313EA740076C041 /* DisplayAudioPlayerView.xib in Resources */,
				A1C6ADBC2303BAB90076C041 /* DisplayListView.xib in Resources */,
				A1766AF122B0E0410036D53A /* Main.storyboard in Resources */,
				7EFFD77E22B2279D0043E6AB /* GoogleService-Info.plist in Resources */,
			);
			runOnlyForDeploymentPostprocessing = 0;
		};
/* End PBXResourcesBuildPhase section */

/* Begin PBXShellScriptBuildPhase section */
		1F5D443A23694CEC00B1FD35 /* ShellScript */ = {
			isa = PBXShellScriptBuildPhase;
			buildActionMask = 2147483647;
			files = (
			);
			inputFileListPaths = (
			);
			inputPaths = (
			);
			outputFileListPaths = (
			);
			outputPaths = (
			);
			runOnlyForDeploymentPostprocessing = 0;
			shellPath = /bin/sh;
			shellScript = "if which swiftlint >/dev/null; then\n  swiftlint\nelse\n  echo \"warning: SwiftLint not installed, download from https://github.com/realm/SwiftLint\"\nfi\n";
		};
		9278D85DF43777E50E3B9220 /* [CP] Check Pods Manifest.lock */ = {
			isa = PBXShellScriptBuildPhase;
			buildActionMask = 2147483647;
			files = (
			);
			inputFileListPaths = (
			);
			inputPaths = (
				"${PODS_PODFILE_DIR_PATH}/Podfile.lock",
				"${PODS_ROOT}/Manifest.lock",
			);
			name = "[CP] Check Pods Manifest.lock";
			outputFileListPaths = (
			);
			outputPaths = (
				"$(DERIVED_FILE_DIR)/Pods-SampleApp-iOS-checkManifestLockResult.txt",
			);
			runOnlyForDeploymentPostprocessing = 0;
			shellPath = /bin/sh;
			shellScript = "diff \"${PODS_PODFILE_DIR_PATH}/Podfile.lock\" \"${PODS_ROOT}/Manifest.lock\" > /dev/null\nif [ $? != 0 ] ; then\n    # print error to STDERR\n    echo \"error: The sandbox is not in sync with the Podfile.lock. Run 'pod install' or update your CocoaPods installation.\" >&2\n    exit 1\nfi\n# This output is used by Xcode 'outputs' to avoid re-running this script phase.\necho \"SUCCESS\" > \"${SCRIPT_OUTPUT_FILE_0}\"\n";
			showEnvVarsInLog = 0;
		};
		E5E2D7CF4E279A6DBB22F2AA /* [CP] Embed Pods Frameworks */ = {
			isa = PBXShellScriptBuildPhase;
			buildActionMask = 2147483647;
			files = (
			);
			inputFileListPaths = (
				"${PODS_ROOT}/Target Support Files/Pods-SampleApp-iOS/Pods-SampleApp-iOS-frameworks-${CONFIGURATION}-input-files.xcfilelist",
			);
			name = "[CP] Embed Pods Frameworks";
			outputFileListPaths = (
				"${PODS_ROOT}/Target Support Files/Pods-SampleApp-iOS/Pods-SampleApp-iOS-frameworks-${CONFIGURATION}-output-files.xcfilelist",
			);
			runOnlyForDeploymentPostprocessing = 0;
			shellPath = /bin/sh;
			shellScript = "\"${PODS_ROOT}/Target Support Files/Pods-SampleApp-iOS/Pods-SampleApp-iOS-frameworks.sh\"\n";
			showEnvVarsInLog = 0;
		};
/* End PBXShellScriptBuildPhase section */

/* Begin PBXSourcesBuildPhase section */
		A1766AE422B0E0410036D53A /* Sources */ = {
			isa = PBXSourcesBuildPhase;
			buildActionMask = 2147483647;
			files = (
				1F815108231F7BEF00FA1970 /* DisplayAudioPlayerView.swift in Sources */,
				A1B4CC7D2372C85600867AEC /* DisplayBodyTemplate.swift in Sources */,
				A1B4CC7B2372963400867AEC /* DisplayView.swift in Sources */,
				1F9F6ED022D089C300CD4888 /* UserDefaults+Standard.swift in Sources */,
				A1CB9449232618E200DFD8B4 /* NuguToastManager.swift in Sources */,
				A1B4CC772372942900867AEC /* DisplayBodyListViewCell.swift in Sources */,
				A1C305E822C0AC8F00D6BE1C /* SoundPlayer.swift in Sources */,
				1F7C9BE223597BCD0085201E /* UserDefaultsWrapper.swift in Sources */,
				A1B3F52422BA3059003C8F17 /* NuguCentralManager.swift in Sources */,
				1F9F6EDC22D4995200CD4888 /* IntroViewController.swift in Sources */,
				A1C6ADCC2306649F0076C041 /* DisplayListViewCell.swift in Sources */,
				1F9F6EF922E2F39800CD4888 /* WebViewController.swift in Sources */,
				1F27AC8222E5A6F400551039 /* Int+Convenience.swift in Sources */,
				A1B4CC7F2372C86400867AEC /* DisplayListTemplate.swift in Sources */,
				A1B4CC812372C87400867AEC /* DisplayBodyListTemplate.swift in Sources */,
				1F9F6EE322D4996C00CD4888 /* NuguWebView.swift in Sources */,
				1F9F6ECE22D0895D00CD4888 /* UserDefaults+Romaine.swift in Sources */,
				1FE9559122F444E80042904B /* NuguDisplayPlayerController.swift in Sources */,
				1F9F6EF122E05DCB00CD4888 /* UIColor+Convenience.swift in Sources */,
				A1C6AD932303ABE80076C041 /* DisplayBodyView.swift in Sources */,
				1F38DD2A22C9EDCD00E29841 /* SampleAppError.swift in Sources */,
				1F9F6EDE22D4995200CD4888 /* MainViewController.swift in Sources */,
				A1B4CC7323728F4C00867AEC /* DisplayBodyListView.swift in Sources */,
				1F9F6EDA22D4995200CD4888 /* SettingViewController.swift in Sources */,
				1FA45DAC22E31C0500E2FA59 /* ImageDataLoader.swift in Sources */,
				1F38DD1D22C22C7100E29841 /* SampleApp.swift in Sources */,
				A1C6ADAA2303BA100076C041 /* DisplayListView.swift in Sources */,
				A1766AEC22B0E0410036D53A /* AppDelegate.swift in Sources */,
			);
			runOnlyForDeploymentPostprocessing = 0;
		};
/* End PBXSourcesBuildPhase section */

/* Begin PBXVariantGroup section */
		A1766AEF22B0E0410036D53A /* Main.storyboard */ = {
			isa = PBXVariantGroup;
			children = (
				A1766AF022B0E0410036D53A /* Base */,
			);
			name = Main.storyboard;
			sourceTree = "<group>";
		};
		A1766AF422B0E0430036D53A /* LaunchScreen.storyboard */ = {
			isa = PBXVariantGroup;
			children = (
				A1766AF522B0E0430036D53A /* Base */,
			);
			name = LaunchScreen.storyboard;
			sourceTree = "<group>";
		};
/* End PBXVariantGroup section */

/* Begin XCBuildConfiguration section */
		A1766AF822B0E0430036D53A /* Debug */ = {
			isa = XCBuildConfiguration;
			buildSettings = {
				ALWAYS_SEARCH_USER_PATHS = NO;
				CLANG_ANALYZER_NONNULL = YES;
				CLANG_ANALYZER_NUMBER_OBJECT_CONVERSION = YES_AGGRESSIVE;
				CLANG_CXX_LANGUAGE_STANDARD = "gnu++14";
				CLANG_CXX_LIBRARY = "libc++";
				CLANG_ENABLE_MODULES = YES;
				CLANG_ENABLE_OBJC_ARC = YES;
				CLANG_ENABLE_OBJC_WEAK = YES;
				CLANG_WARN_BLOCK_CAPTURE_AUTORELEASING = YES;
				CLANG_WARN_BOOL_CONVERSION = YES;
				CLANG_WARN_COMMA = YES;
				CLANG_WARN_CONSTANT_CONVERSION = YES;
				CLANG_WARN_DEPRECATED_OBJC_IMPLEMENTATIONS = YES;
				CLANG_WARN_DIRECT_OBJC_ISA_USAGE = YES_ERROR;
				CLANG_WARN_DOCUMENTATION_COMMENTS = YES;
				CLANG_WARN_EMPTY_BODY = YES;
				CLANG_WARN_ENUM_CONVERSION = YES;
				CLANG_WARN_INFINITE_RECURSION = YES;
				CLANG_WARN_INT_CONVERSION = YES;
				CLANG_WARN_NON_LITERAL_NULL_CONVERSION = YES;
				CLANG_WARN_OBJC_IMPLICIT_RETAIN_SELF = YES;
				CLANG_WARN_OBJC_LITERAL_CONVERSION = YES;
				CLANG_WARN_OBJC_ROOT_CLASS = YES_ERROR;
				CLANG_WARN_RANGE_LOOP_ANALYSIS = YES;
				CLANG_WARN_STRICT_PROTOTYPES = YES;
				CLANG_WARN_SUSPICIOUS_MOVE = YES;
				CLANG_WARN_UNGUARDED_AVAILABILITY = YES_AGGRESSIVE;
				CLANG_WARN_UNREACHABLE_CODE = YES;
				CLANG_WARN__DUPLICATE_METHOD_MATCH = YES;
				CODE_SIGN_IDENTITY = "iPhone Developer";
				COPY_PHASE_STRIP = NO;
				DEBUG_INFORMATION_FORMAT = dwarf;
				ENABLE_STRICT_OBJC_MSGSEND = YES;
				ENABLE_TESTABILITY = YES;
				GCC_C_LANGUAGE_STANDARD = gnu11;
				GCC_DYNAMIC_NO_PIC = NO;
				GCC_NO_COMMON_BLOCKS = YES;
				GCC_OPTIMIZATION_LEVEL = 0;
				GCC_PREPROCESSOR_DEFINITIONS = (
					"DEBUG=1",
					"$(inherited)",
				);
				GCC_WARN_64_TO_32_BIT_CONVERSION = YES;
				GCC_WARN_ABOUT_RETURN_TYPE = YES_ERROR;
				GCC_WARN_UNDECLARED_SELECTOR = YES;
				GCC_WARN_UNINITIALIZED_AUTOS = YES_AGGRESSIVE;
				GCC_WARN_UNUSED_FUNCTION = YES;
				GCC_WARN_UNUSED_VARIABLE = YES;
				IPHONEOS_DEPLOYMENT_TARGET = 10.0;
				MTL_ENABLE_DEBUG_INFO = INCLUDE_SOURCE;
				MTL_FAST_MATH = YES;
				ONLY_ACTIVE_ARCH = YES;
				SDKROOT = iphoneos;
				SWIFT_ACTIVE_COMPILATION_CONDITIONS = DEBUG;
				SWIFT_OPTIMIZATION_LEVEL = "-Onone";
			};
			name = Debug;
		};
		A1766AF922B0E0430036D53A /* Release */ = {
			isa = XCBuildConfiguration;
			buildSettings = {
				ALWAYS_SEARCH_USER_PATHS = NO;
				CLANG_ANALYZER_NONNULL = YES;
				CLANG_ANALYZER_NUMBER_OBJECT_CONVERSION = YES_AGGRESSIVE;
				CLANG_CXX_LANGUAGE_STANDARD = "gnu++14";
				CLANG_CXX_LIBRARY = "libc++";
				CLANG_ENABLE_MODULES = YES;
				CLANG_ENABLE_OBJC_ARC = YES;
				CLANG_ENABLE_OBJC_WEAK = YES;
				CLANG_WARN_BLOCK_CAPTURE_AUTORELEASING = YES;
				CLANG_WARN_BOOL_CONVERSION = YES;
				CLANG_WARN_COMMA = YES;
				CLANG_WARN_CONSTANT_CONVERSION = YES;
				CLANG_WARN_DEPRECATED_OBJC_IMPLEMENTATIONS = YES;
				CLANG_WARN_DIRECT_OBJC_ISA_USAGE = YES_ERROR;
				CLANG_WARN_DOCUMENTATION_COMMENTS = YES;
				CLANG_WARN_EMPTY_BODY = YES;
				CLANG_WARN_ENUM_CONVERSION = YES;
				CLANG_WARN_INFINITE_RECURSION = YES;
				CLANG_WARN_INT_CONVERSION = YES;
				CLANG_WARN_NON_LITERAL_NULL_CONVERSION = YES;
				CLANG_WARN_OBJC_IMPLICIT_RETAIN_SELF = YES;
				CLANG_WARN_OBJC_LITERAL_CONVERSION = YES;
				CLANG_WARN_OBJC_ROOT_CLASS = YES_ERROR;
				CLANG_WARN_RANGE_LOOP_ANALYSIS = YES;
				CLANG_WARN_STRICT_PROTOTYPES = YES;
				CLANG_WARN_SUSPICIOUS_MOVE = YES;
				CLANG_WARN_UNGUARDED_AVAILABILITY = YES_AGGRESSIVE;
				CLANG_WARN_UNREACHABLE_CODE = YES;
				CLANG_WARN__DUPLICATE_METHOD_MATCH = YES;
				CODE_SIGN_IDENTITY = "iPhone Developer";
				COPY_PHASE_STRIP = NO;
				DEBUG_INFORMATION_FORMAT = "dwarf-with-dsym";
				ENABLE_NS_ASSERTIONS = NO;
				ENABLE_STRICT_OBJC_MSGSEND = YES;
				GCC_C_LANGUAGE_STANDARD = gnu11;
				GCC_NO_COMMON_BLOCKS = YES;
				GCC_WARN_64_TO_32_BIT_CONVERSION = YES;
				GCC_WARN_ABOUT_RETURN_TYPE = YES_ERROR;
				GCC_WARN_UNDECLARED_SELECTOR = YES;
				GCC_WARN_UNINITIALIZED_AUTOS = YES_AGGRESSIVE;
				GCC_WARN_UNUSED_FUNCTION = YES;
				GCC_WARN_UNUSED_VARIABLE = YES;
				IPHONEOS_DEPLOYMENT_TARGET = 10.0;
				MTL_ENABLE_DEBUG_INFO = NO;
				MTL_FAST_MATH = YES;
				SDKROOT = iphoneos;
				SWIFT_COMPILATION_MODE = wholemodule;
				SWIFT_OPTIMIZATION_LEVEL = "-O";
				VALIDATE_PRODUCT = YES;
			};
			name = Release;
		};
		A1766AFB22B0E0430036D53A /* Debug */ = {
			isa = XCBuildConfiguration;
			baseConfigurationReference = 132AC3F8C70BC1BEDEFE58C5 /* Pods-SampleApp-iOS.debug.xcconfig */;
			buildSettings = {
				ASSETCATALOG_COMPILER_APPICON_NAME = AppIcon;
				CODE_SIGN_ENTITLEMENTS = "SampleApp-iOS/SampleApp-iOS.entitlements";
				CODE_SIGN_IDENTITY = "iPhone Developer";
				CODE_SIGN_STYLE = Automatic;
				CURRENT_PROJECT_VERSION = 1;
				DEVELOPMENT_TEAM = QUEYTE2JMS;
				INFOPLIST_FILE = "SampleApp-iOS/Info.plist";
				IPHONEOS_DEPLOYMENT_TARGET = 11.0;
				LD_RUNPATH_SEARCH_PATHS = (
					"$(inherited)",
					"@executable_path/Frameworks",
				);
				PRODUCT_BUNDLE_IDENTIFIER = "com.skt.Romaine.SampleApp-iOS";
				PRODUCT_NAME = "$(TARGET_NAME)";
				PROVISIONING_PROFILE_SPECIFIER = "";
				SWIFT_VERSION = 5.0;
				TARGETED_DEVICE_FAMILY = "1,2";
			};
			name = Debug;
		};
		A1766AFC22B0E0430036D53A /* Release */ = {
			isa = XCBuildConfiguration;
			baseConfigurationReference = 0A7D33498DC7E9BBA4CF49E7 /* Pods-SampleApp-iOS.release.xcconfig */;
			buildSettings = {
				ASSETCATALOG_COMPILER_APPICON_NAME = AppIcon;
				CODE_SIGN_ENTITLEMENTS = "SampleApp-iOS/SampleApp-iOS.entitlements";
				CODE_SIGN_IDENTITY = "iPhone Developer";
				CODE_SIGN_STYLE = Automatic;
				CURRENT_PROJECT_VERSION = 1;
				DEVELOPMENT_TEAM = QUEYTE2JMS;
				INFOPLIST_FILE = "SampleApp-iOS/Info.plist";
				IPHONEOS_DEPLOYMENT_TARGET = 11.0;
				LD_RUNPATH_SEARCH_PATHS = (
					"$(inherited)",
					"@executable_path/Frameworks",
				);
				PRODUCT_BUNDLE_IDENTIFIER = "com.skt.Romaine.SampleApp-iOS";
				PRODUCT_NAME = "$(TARGET_NAME)";
				PROVISIONING_PROFILE_SPECIFIER = "";
				SWIFT_VERSION = 5.0;
				TARGETED_DEVICE_FAMILY = "1,2";
			};
			name = Release;
		};
/* End XCBuildConfiguration section */

/* Begin XCConfigurationList section */
		A1766AE322B0E0410036D53A /* Build configuration list for PBXProject "SampleApp-iOS" */ = {
			isa = XCConfigurationList;
			buildConfigurations = (
				A1766AF822B0E0430036D53A /* Debug */,
				A1766AF922B0E0430036D53A /* Release */,
			);
			defaultConfigurationIsVisible = 0;
			defaultConfigurationName = Release;
		};
		A1766AFA22B0E0430036D53A /* Build configuration list for PBXNativeTarget "SampleApp-iOS" */ = {
			isa = XCConfigurationList;
			buildConfigurations = (
				A1766AFB22B0E0430036D53A /* Debug */,
				A1766AFC22B0E0430036D53A /* Release */,
			);
			defaultConfigurationIsVisible = 0;
			defaultConfigurationName = Release;
		};
/* End XCConfigurationList section */
	};
	rootObject = A1766AE022B0E0410036D53A /* Project object */;
}
