PODS:
  - JadeMarble (0.26.1):
    - NattyLog (~> 1)
  - KeenSense (0.26.1):
    - NattyLog (~> 1)
  - lottie-ios (3.1.9)
  - NattyLog (1.2.1)
  - NuguAgents (0.26.1):
    - JadeMarble (~> 0)
    - NattyLog (~> 1)
    - NuguCore (~> 0)
    - SilverTray (~> 1)
  - NuguClientKit (0.26.1):
    - KeenSense (~> 0)
    - NattyLog (~> 1)
    - NuguAgents (~> 0)
    - NuguCore (~> 0)
  - NuguCore (0.26.1):
    - NattyLog (~> 1.0)
    - RxSwift (~> 5)
  - NuguLoginKit (0.26.1)
  - NuguServiceKit (0.26.1):
    - NattyLog (~> 1)
  - NuguUIKit (0.26.1):
    - lottie-ios (~> 3)
  - RxSwift (5.1.1)
  - SilverTray (1.2.6)

DEPENDENCIES:
  - JadeMarble (from `../`)
  - KeenSense (from `../`)
  - NuguAgents (from `../`)
  - NuguClientKit (from `../`)
  - NuguCore (from `../`)
  - NuguLoginKit (from `../`)
  - NuguServiceKit (from `../`)
  - NuguUIKit (from `../`)

SPEC REPOS:
  trunk:
    - lottie-ios
    - NattyLog
    - RxSwift
    - SilverTray

EXTERNAL SOURCES:
  JadeMarble:
    :path: "../"
  KeenSense:
    :path: "../"
  NuguAgents:
    :path: "../"
  NuguClientKit:
    :path: "../"
  NuguCore:
    :path: "../"
  NuguLoginKit:
    :path: "../"
  NuguServiceKit:
    :path: "../"
  NuguUIKit:
    :path: "../"

SPEC CHECKSUMS:
  JadeMarble: d0b2ef67a766c5b129bfc4b965e609f4f297c885
  KeenSense: 4de2848d2a91d78174eca9fab0f6961d803bb9de
  lottie-ios: 3a3758ef5a008e762faec9c9d50a39842f26d124
  NattyLog: f9ece0db2fb62178d8246f0ae033a9b64f2d7f30
  NuguAgents: 6e639e5dc4a749a8821a69018dab0e2fc0f9122d
  NuguClientKit: 785e43872fbab041d0742ea51ae1e8394500ff53
  NuguCore: 4ad1af256df401ae21c56e63cbc8d22041398ea2
  NuguLoginKit: a26423dd7f9597880bc35dbdbd7aac10876a6862
  NuguServiceKit: b771684fed0f615f2612aae7313356b2d5ebfb8d
  NuguUIKit: ecfca2edbfc9cc12adc27e097c9c0b4ad917122f
  RxSwift: 81470a2074fa8780320ea5fe4102807cb7118178
  SilverTray: d006036dd35c1b898497c28dbf06eddce6f1745d

PODFILE CHECKSUM: fed1a1aa73e7405ed59ad9f1441a792ea394d47a

COCOAPODS: 1.10.0
