PODS:
  - JadeMarble (1.0.0-alpha.2):
    - NattyLog (~> 1)
  - KeenSense (1.0.0-alpha.2):
    - NattyLog (~> 1)
  - lottie-ios (3.2.1)
  - NattyLog (1.2.1)
  - NuguAgents (1.0.0-alpha.2):
    - JadeMarble (= 1.0.0-alpha.2)
    - NattyLog (~> 1)
    - NuguCore (= 1.0.0-alpha.2)
    - NuguUtils (= 1.0.0-alpha.2)
    - SilverTray (~> 1)
  - NuguClientKit (1.0.0-alpha.2):
    - KeenSense (= 1.0.0-alpha.2)
    - NattyLog (~> 1)
    - NuguAgents (= 1.0.0-alpha.2)
    - NuguCore (= 1.0.0-alpha.2)
    - NuguLoginKit (= 1.0.0-alpha.2)
    - NuguServiceKit (= 1.0.0-alpha.2)
    - NuguUIKit (= 1.0.0-alpha.2)
    - NuguUtils (= 1.0.0-alpha.2)
  - NuguCore (1.0.0-alpha.2):
    - NattyLog (~> 1.0)
    - NuguUtils (= 1.0.0-alpha.2)
    - RxSwift (~> 5)
  - NuguLoginKit (1.0.0-alpha.2):
    - NuguUtils (= 1.0.0-alpha.2)
  - NuguServiceKit (1.0.0-alpha.2):
    - NattyLog (~> 1)
    - NuguUtils (= 1.0.0-alpha.2)
  - NuguUIKit (1.0.0-alpha.2):
    - lottie-ios (~> 3)
    - NattyLog (~> 1)
    - NuguAgents (= 1.0.0-alpha.2)
    - NuguUtils (= 1.0.0-alpha.2)
  - NuguUtils (1.0.0-alpha.2):
    - RxSwift (~> 5)
  - RxSwift (5.1.2)
  - SilverTray (1.2.6)

DEPENDENCIES:
  - JadeMarble (from `../`)
  - KeenSense (from `../`)
  - NuguAgents (from `../`)
  - NuguClientKit (from `../`)
  - NuguCore (from `../`)
  - NuguLoginKit (from `../`)
  - NuguServiceKit (from `../`)
  - NuguUIKit (from `../`)
  - NuguUtils (from `../`)

SPEC REPOS:
  trunk:
    - lottie-ios
    - NattyLog
    - RxSwift
    - SilverTray

EXTERNAL SOURCES:
  JadeMarble:
    :path: "../"
  KeenSense:
    :path: "../"
  NuguAgents:
    :path: "../"
  NuguClientKit:
    :path: "../"
  NuguCore:
    :path: "../"
  NuguLoginKit:
    :path: "../"
  NuguServiceKit:
    :path: "../"
  NuguUIKit:
    :path: "../"
  NuguUtils:
    :path: "../"

SPEC CHECKSUMS:
  JadeMarble: 87d7b772803ea4ea5ef3006f25316145aa0f1211
  KeenSense: 20cdd49f384cf87f141c935f9d57811544772a04
  lottie-ios: 106e92eaf11fbed0a76590b4cdb9b5ec26123ff7
  NattyLog: f9ece0db2fb62178d8246f0ae033a9b64f2d7f30
  NuguAgents: 8b9f8fe1b35ab45ecbf5f1adb838367b6db04770
  NuguClientKit: f04319fd13f5ab15ca708e88490b5c9348a67120
  NuguCore: 419d76598263b796183210bfe7baa7045e1ce7a8
  NuguLoginKit: 7585713bed5c4374ff88fb0d4129c480b0d483e4
  NuguServiceKit: b1e867800546ec42e61f00d0f1863969a15121a2
  NuguUIKit: d102122f41ab81c6477b532c5b36ba5097561c75
  NuguUtils: bc671f86a06e9ca641ea4e1e51a118b231182562
  RxSwift: 1e2e1f9570186967f617e49128ed26ccf1bafc8e
  SilverTray: d006036dd35c1b898497c28dbf06eddce6f1745d

PODFILE CHECKSUM: 8298bfb0e4bcda25cb6083e09d051b8025ea2dee

COCOAPODS: 1.10.0
