// !$*UTF8*$!
{
	archiveVersion = 1;
	classes = {
	};
	objectVersion = 51;
	objects = {

/* Begin PBXBuildFile section */
		73F284DF23815CC9004EBBDF /* SettingViewController.swift in Sources */ = {isa = PBXBuildFile; fileRef = 73F284A523815CC9004EBBDF /* SettingViewController.swift */; };
		73F284E023815CC9004EBBDF /* IntroViewController.swift in Sources */ = {isa = PBXBuildFile; fileRef = 73F284A623815CC9004EBBDF /* IntroViewController.swift */; };
		73F284E123815CC9004EBBDF /* MainViewController.swift in Sources */ = {isa = PBXBuildFile; fileRef = 73F284A723815CC9004EBBDF /* MainViewController.swift */; };
		73F284F923815CC9004EBBDF /* SampleAppError.swift in Sources */ = {isa = PBXBuildFile; fileRef = 73F284C623815CC9004EBBDF /* SampleAppError.swift */; };
		73F284FA23815CC9004EBBDF /* SampleApp.swift in Sources */ = {isa = PBXBuildFile; fileRef = 73F284C723815CC9004EBBDF /* SampleApp.swift */; };
		73F284FC23815CC9004EBBDF /* NuguCentralManager.swift in Sources */ = {isa = PBXBuildFile; fileRef = 73F284CA23815CC9004EBBDF /* NuguCentralManager.swift */; };
		73F284FE23815CC9004EBBDF /* AppDelegate.swift in Sources */ = {isa = PBXBuildFile; fileRef = 73F284CC23815CC9004EBBDF /* AppDelegate.swift */; };
		73F2850123815CC9004EBBDF /* UserDefaults+Standard.swift in Sources */ = {isa = PBXBuildFile; fileRef = 73F284D023815CC9004EBBDF /* UserDefaults+Standard.swift */; };
		7E06776625F216340065F2F0 /* GuideWebViewController.swift in Sources */ = {isa = PBXBuildFile; fileRef = 7E06776525F216340065F2F0 /* GuideWebViewController.swift */; };
		7E6A0B0B2410849C00C7A19E /* LocalTTSAgent.swift in Sources */ = {isa = PBXBuildFile; fileRef = 7E6A0B072410849C00C7A19E /* LocalTTSAgent.swift */; };
		7E6A0B0D2410849C00C7A19E /* UserDefaultsWrapper.swift in Sources */ = {isa = PBXBuildFile; fileRef = 7E6A0B0A2410849C00C7A19E /* UserDefaultsWrapper.swift */; };
		7E6A0B14241084C000C7A19E /* Assets.xcassets in Resources */ = {isa = PBXBuildFile; fileRef = 7E6A0B0F241084C000C7A19E /* Assets.xcassets */; };
		7E6A0B15241084C000C7A19E /* LaunchScreen.storyboard in Resources */ = {isa = PBXBuildFile; fileRef = 7E6A0B10241084C000C7A19E /* LaunchScreen.storyboard */; };
		7E6A0B16241084C000C7A19E /* Main.storyboard in Resources */ = {isa = PBXBuildFile; fileRef = 7E6A0B12241084C000C7A19E /* Main.storyboard */; };
		7E6A0B392410888000C7A19E /* device_GW_error_003.wav in Resources */ = {isa = PBXBuildFile; fileRef = 7E6A0B2F2410888000C7A19E /* device_GW_error_003.wav */; };
		7E6A0B3A2410888000C7A19E /* device_GW_error_002.wav in Resources */ = {isa = PBXBuildFile; fileRef = 7E6A0B302410888000C7A19E /* device_GW_error_002.wav */; };
		7E6A0B3B2410888000C7A19E /* device_GW_error_001.wav in Resources */ = {isa = PBXBuildFile; fileRef = 7E6A0B312410888000C7A19E /* device_GW_error_001.wav */; };
		7E6A0B3C2410888000C7A19E /* poc_end_error.wav in Resources */ = {isa = PBXBuildFile; fileRef = 7E6A0B322410888000C7A19E /* poc_end_error.wav */; };
		7E6A0B3D2410888000C7A19E /* device_GW_error_005.wav in Resources */ = {isa = PBXBuildFile; fileRef = 7E6A0B332410888000C7A19E /* device_GW_error_005.wav */; };
		7E6A0B3E2410888000C7A19E /* device_GW_error_004.wav in Resources */ = {isa = PBXBuildFile; fileRef = 7E6A0B342410888000C7A19E /* device_GW_error_004.wav */; };
		7E6A0B3F2410888000C7A19E /* device_GW_error_006.wav in Resources */ = {isa = PBXBuildFile; fileRef = 7E6A0B352410888000C7A19E /* device_GW_error_006.wav */; };
		7E6D1170249C6E1800E3580C /* SettingTableViewCell.swift in Sources */ = {isa = PBXBuildFile; fileRef = 7E6D116F249C6E1800E3580C /* SettingTableViewCell.swift */; };
		7E91D19024AF281E00E48017 /* NuguServiceWebViewController.swift in Sources */ = {isa = PBXBuildFile; fileRef = 7E91D18F24AF281E00E48017 /* NuguServiceWebViewController.swift */; };
		7ECD3DEE24F64605007F29CE /* responsefail.wav in Resources */ = {isa = PBXBuildFile; fileRef = 7ECD3DEB24F64604007F29CE /* responsefail.wav */; };
		7ECD3DEF24F64605007F29CE /* listening_end.wav in Resources */ = {isa = PBXBuildFile; fileRef = 7ECD3DEC24F64605007F29CE /* listening_end.wav */; };
		7ECD3DF024F64605007F29CE /* listening_start.wav in Resources */ = {isa = PBXBuildFile; fileRef = 7ECD3DED24F64605007F29CE /* listening_start.wav */; };
		A2686CF3CD6360752FF9426B /* Pods_SampleApp.framework in Frameworks */ = {isa = PBXBuildFile; fileRef = 1E35ABD8543680F9A99E41F6 /* Pods_SampleApp.framework */; };
/* End PBXBuildFile section */

/* Begin PBXFileReference section */
		1E35ABD8543680F9A99E41F6 /* Pods_SampleApp.framework */ = {isa = PBXFileReference; explicitFileType = wrapper.framework; includeInIndex = 0; path = Pods_SampleApp.framework; sourceTree = BUILT_PRODUCTS_DIR; };
		3251FD919C1818DBE8CE0077 /* Pods-SampleApp.release.xcconfig */ = {isa = PBXFileReference; includeInIndex = 1; lastKnownFileType = text.xcconfig; name = "Pods-SampleApp.release.xcconfig"; path = "Target Support Files/Pods-SampleApp/Pods-SampleApp.release.xcconfig"; sourceTree = "<group>"; };
		73F28420238157A7004EBBDF /* SampleApp.app */ = {isa = PBXFileReference; explicitFileType = wrapper.application; includeInIndex = 0; path = SampleApp.app; sourceTree = BUILT_PRODUCTS_DIR; };
		73F284A523815CC9004EBBDF /* SettingViewController.swift */ = {isa = PBXFileReference; fileEncoding = 4; lastKnownFileType = sourcecode.swift; path = SettingViewController.swift; sourceTree = "<group>"; };
		73F284A623815CC9004EBBDF /* IntroViewController.swift */ = {isa = PBXFileReference; fileEncoding = 4; lastKnownFileType = sourcecode.swift; path = IntroViewController.swift; sourceTree = "<group>"; };
		73F284A723815CC9004EBBDF /* MainViewController.swift */ = {isa = PBXFileReference; fileEncoding = 4; lastKnownFileType = sourcecode.swift; path = MainViewController.swift; sourceTree = "<group>"; };
		73F284C623815CC9004EBBDF /* SampleAppError.swift */ = {isa = PBXFileReference; fileEncoding = 4; lastKnownFileType = sourcecode.swift; path = SampleAppError.swift; sourceTree = "<group>"; };
		73F284C723815CC9004EBBDF /* SampleApp.swift */ = {isa = PBXFileReference; fileEncoding = 4; lastKnownFileType = sourcecode.swift; path = SampleApp.swift; sourceTree = "<group>"; };
		73F284CA23815CC9004EBBDF /* NuguCentralManager.swift */ = {isa = PBXFileReference; fileEncoding = 4; lastKnownFileType = sourcecode.swift; path = NuguCentralManager.swift; sourceTree = "<group>"; };
		73F284CC23815CC9004EBBDF /* AppDelegate.swift */ = {isa = PBXFileReference; fileEncoding = 4; lastKnownFileType = sourcecode.swift; path = AppDelegate.swift; sourceTree = "<group>"; };
		73F284D023815CC9004EBBDF /* UserDefaults+Standard.swift */ = {isa = PBXFileReference; fileEncoding = 4; lastKnownFileType = sourcecode.swift; path = "UserDefaults+Standard.swift"; sourceTree = "<group>"; };
		73F284D223815CC9004EBBDF /* SampleApp.entitlements */ = {isa = PBXFileReference; fileEncoding = 4; lastKnownFileType = text.plist.entitlements; path = SampleApp.entitlements; sourceTree = "<group>"; };
		73F284D823815CC9004EBBDF /* Info.plist */ = {isa = PBXFileReference; fileEncoding = 4; lastKnownFileType = text.plist.xml; path = Info.plist; sourceTree = "<group>"; };
		7E06776525F216340065F2F0 /* GuideWebViewController.swift */ = {isa = PBXFileReference; fileEncoding = 4; lastKnownFileType = sourcecode.swift; path = GuideWebViewController.swift; sourceTree = "<group>"; };
		7E6A0B072410849C00C7A19E /* LocalTTSAgent.swift */ = {isa = PBXFileReference; fileEncoding = 4; lastKnownFileType = sourcecode.swift; path = LocalTTSAgent.swift; sourceTree = "<group>"; };
		7E6A0B0A2410849C00C7A19E /* UserDefaultsWrapper.swift */ = {isa = PBXFileReference; fileEncoding = 4; lastKnownFileType = sourcecode.swift; path = UserDefaultsWrapper.swift; sourceTree = "<group>"; };
		7E6A0B0F241084C000C7A19E /* Assets.xcassets */ = {isa = PBXFileReference; lastKnownFileType = folder.assetcatalog; path = Assets.xcassets; sourceTree = "<group>"; };
		7E6A0B11241084C000C7A19E /* Base */ = {isa = PBXFileReference; lastKnownFileType = file.storyboard; name = Base; path = Base.lproj/LaunchScreen.storyboard; sourceTree = "<group>"; };
		7E6A0B13241084C000C7A19E /* Base */ = {isa = PBXFileReference; lastKnownFileType = file.storyboard; name = Base; path = Base.lproj/Main.storyboard; sourceTree = "<group>"; };
		7E6A0B2F2410888000C7A19E /* device_GW_error_003.wav */ = {isa = PBXFileReference; lastKnownFileType = audio.wav; path = device_GW_error_003.wav; sourceTree = "<group>"; };
		7E6A0B302410888000C7A19E /* device_GW_error_002.wav */ = {isa = PBXFileReference; lastKnownFileType = audio.wav; path = device_GW_error_002.wav; sourceTree = "<group>"; };
		7E6A0B312410888000C7A19E /* device_GW_error_001.wav */ = {isa = PBXFileReference; lastKnownFileType = audio.wav; path = device_GW_error_001.wav; sourceTree = "<group>"; };
		7E6A0B322410888000C7A19E /* poc_end_error.wav */ = {isa = PBXFileReference; lastKnownFileType = audio.wav; path = poc_end_error.wav; sourceTree = "<group>"; };
		7E6A0B332410888000C7A19E /* device_GW_error_005.wav */ = {isa = PBXFileReference; lastKnownFileType = audio.wav; path = device_GW_error_005.wav; sourceTree = "<group>"; };
		7E6A0B342410888000C7A19E /* device_GW_error_004.wav */ = {isa = PBXFileReference; lastKnownFileType = audio.wav; path = device_GW_error_004.wav; sourceTree = "<group>"; };
		7E6A0B352410888000C7A19E /* device_GW_error_006.wav */ = {isa = PBXFileReference; lastKnownFileType = audio.wav; path = device_GW_error_006.wav; sourceTree = "<group>"; };
		7E6D116F249C6E1800E3580C /* SettingTableViewCell.swift */ = {isa = PBXFileReference; fileEncoding = 4; lastKnownFileType = sourcecode.swift; path = SettingTableViewCell.swift; sourceTree = "<group>"; };
		7E91D18F24AF281E00E48017 /* NuguServiceWebViewController.swift */ = {isa = PBXFileReference; fileEncoding = 4; lastKnownFileType = sourcecode.swift; path = NuguServiceWebViewController.swift; sourceTree = "<group>"; };
		7ECD3DEB24F64604007F29CE /* responsefail.wav */ = {isa = PBXFileReference; lastKnownFileType = audio.wav; path = responsefail.wav; sourceTree = "<group>"; };
		7ECD3DEC24F64605007F29CE /* listening_end.wav */ = {isa = PBXFileReference; lastKnownFileType = audio.wav; path = listening_end.wav; sourceTree = "<group>"; };
		7ECD3DED24F64605007F29CE /* listening_start.wav */ = {isa = PBXFileReference; lastKnownFileType = audio.wav; path = listening_start.wav; sourceTree = "<group>"; };
		970814E73D7C771F9B37F9A1 /* Pods-SampleApp.debug.xcconfig */ = {isa = PBXFileReference; includeInIndex = 1; lastKnownFileType = text.xcconfig; name = "Pods-SampleApp.debug.xcconfig"; path = "Target Support Files/Pods-SampleApp/Pods-SampleApp.debug.xcconfig"; sourceTree = "<group>"; };
/* End PBXFileReference section */

/* Begin PBXFrameworksBuildPhase section */
		73F2841D238157A7004EBBDF /* Frameworks */ = {
			isa = PBXFrameworksBuildPhase;
			buildActionMask = 2147483647;
			files = (
				A2686CF3CD6360752FF9426B /* Pods_SampleApp.framework in Frameworks */,
			);
			runOnlyForDeploymentPostprocessing = 0;
		};
/* End PBXFrameworksBuildPhase section */

/* Begin PBXGroup section */
		05AA11A87E721E190F969B06 /* Frameworks */ = {
			isa = PBXGroup;
			children = (
				1E35ABD8543680F9A99E41F6 /* Pods_SampleApp.framework */,
			);
			name = Frameworks;
			sourceTree = "<group>";
		};
		2A3CF1706B7582C99D62AAFD /* Pods */ = {
			isa = PBXGroup;
			children = (
				970814E73D7C771F9B37F9A1 /* Pods-SampleApp.debug.xcconfig */,
				3251FD919C1818DBE8CE0077 /* Pods-SampleApp.release.xcconfig */,
			);
			path = Pods;
			sourceTree = "<group>";
		};
		73F28417238157A7004EBBDF = {
			isa = PBXGroup;
			children = (
				7E6A0B0E241084C000C7A19E /* Resources */,
				73F284A323815CC9004EBBDF /* Sources */,
				73F284D123815CC9004EBBDF /* Supporting Files */,
				73F28421238157A7004EBBDF /* Products */,
				2A3CF1706B7582C99D62AAFD /* Pods */,
				05AA11A87E721E190F969B06 /* Frameworks */,
			);
			sourceTree = "<group>";
		};
		73F28421238157A7004EBBDF /* Products */ = {
			isa = PBXGroup;
			children = (
				73F28420238157A7004EBBDF /* SampleApp.app */,
			);
			name = Products;
			sourceTree = "<group>";
		};
		73F284A323815CC9004EBBDF /* Sources */ = {
			isa = PBXGroup;
			children = (
				7E6A0B062410849C00C7A19E /* MediaPlayer */,
				7E6A0B092410849C00C7A19E /* PropertyWrappers */,
				73F284A423815CC9004EBBDF /* UI */,
				73F284C523815CC9004EBBDF /* Const */,
				73F284C823815CC9004EBBDF /* Manager */,
				73F284CC23815CC9004EBBDF /* AppDelegate.swift */,
				73F284CD23815CC9004EBBDF /* Store */,
			);
			path = Sources;
			sourceTree = SOURCE_ROOT;
		};
		73F284A423815CC9004EBBDF /* UI */ = {
			isa = PBXGroup;
			children = (
				7E06776525F216340065F2F0 /* GuideWebViewController.swift */,
				7E91D18F24AF281E00E48017 /* NuguServiceWebViewController.swift */,
				73F284A523815CC9004EBBDF /* SettingViewController.swift */,
				73F284A623815CC9004EBBDF /* IntroViewController.swift */,
				73F284A723815CC9004EBBDF /* MainViewController.swift */,
				73F284A923815CC9004EBBDF /* Views */,
			);
			path = UI;
			sourceTree = "<group>";
		};
		73F284A923815CC9004EBBDF /* Views */ = {
			isa = PBXGroup;
			children = (
				7E6D116F249C6E1800E3580C /* SettingTableViewCell.swift */,
			);
			path = Views;
			sourceTree = "<group>";
		};
		73F284C523815CC9004EBBDF /* Const */ = {
			isa = PBXGroup;
			children = (
				73F284C623815CC9004EBBDF /* SampleAppError.swift */,
				73F284C723815CC9004EBBDF /* SampleApp.swift */,
			);
			path = Const;
			sourceTree = "<group>";
		};
		73F284C823815CC9004EBBDF /* Manager */ = {
			isa = PBXGroup;
			children = (
				73F284CA23815CC9004EBBDF /* NuguCentralManager.swift */,
			);
			path = Manager;
			sourceTree = "<group>";
		};
		73F284CD23815CC9004EBBDF /* Store */ = {
			isa = PBXGroup;
			children = (
				73F284D023815CC9004EBBDF /* UserDefaults+Standard.swift */,
			);
			path = Store;
			sourceTree = "<group>";
		};
		73F284D123815CC9004EBBDF /* Supporting Files */ = {
			isa = PBXGroup;
			children = (
				7E6A0B292410888000C7A19E /* SoundResource */,
				73F284D223815CC9004EBBDF /* SampleApp.entitlements */,
				73F284D823815CC9004EBBDF /* Info.plist */,
			);
			path = "Supporting Files";
			sourceTree = SOURCE_ROOT;
		};
		7E6A0B062410849C00C7A19E /* MediaPlayer */ = {
			isa = PBXGroup;
			children = (
				7E6A0B072410849C00C7A19E /* LocalTTSAgent.swift */,
			);
			path = MediaPlayer;
			sourceTree = "<group>";
		};
		7E6A0B092410849C00C7A19E /* PropertyWrappers */ = {
			isa = PBXGroup;
			children = (
				7E6A0B0A2410849C00C7A19E /* UserDefaultsWrapper.swift */,
			);
			path = PropertyWrappers;
			sourceTree = "<group>";
		};
		7E6A0B0E241084C000C7A19E /* Resources */ = {
			isa = PBXGroup;
			children = (
				7E6A0B0F241084C000C7A19E /* Assets.xcassets */,
				7E6A0B10241084C000C7A19E /* LaunchScreen.storyboard */,
				7E6A0B12241084C000C7A19E /* Main.storyboard */,
			);
			path = Resources;
			sourceTree = SOURCE_ROOT;
		};
		7E6A0B292410888000C7A19E /* SoundResource */ = {
			isa = PBXGroup;
			children = (
				7E6A0B2A2410888000C7A19E /* AsrBeep */,
				7E6A0B2E2410888000C7A19E /* LocalTts */,
			);
			path = SoundResource;
			sourceTree = "<group>";
		};
		7E6A0B2A2410888000C7A19E /* AsrBeep */ = {
			isa = PBXGroup;
			children = (
				7ECD3DEC24F64605007F29CE /* listening_end.wav */,
				7ECD3DED24F64605007F29CE /* listening_start.wav */,
				7ECD3DEB24F64604007F29CE /* responsefail.wav */,
			);
			path = AsrBeep;
			sourceTree = "<group>";
		};
		7E6A0B2E2410888000C7A19E /* LocalTts */ = {
			isa = PBXGroup;
			children = (
				7E6A0B2F2410888000C7A19E /* device_GW_error_003.wav */,
				7E6A0B302410888000C7A19E /* device_GW_error_002.wav */,
				7E6A0B312410888000C7A19E /* device_GW_error_001.wav */,
				7E6A0B322410888000C7A19E /* poc_end_error.wav */,
				7E6A0B332410888000C7A19E /* device_GW_error_005.wav */,
				7E6A0B342410888000C7A19E /* device_GW_error_004.wav */,
				7E6A0B352410888000C7A19E /* device_GW_error_006.wav */,
			);
			path = LocalTts;
			sourceTree = "<group>";
		};
/* End PBXGroup section */

/* Begin PBXNativeTarget section */
		73F2841F238157A7004EBBDF /* SampleApp */ = {
			isa = PBXNativeTarget;
			buildConfigurationList = 73F28434238157A9004EBBDF /* Build configuration list for PBXNativeTarget "SampleApp" */;
			buildPhases = (
				520334D3A2C2681C4E60F4E7 /* [CP] Check Pods Manifest.lock */,
				73F2841C238157A7004EBBDF /* Sources */,
				73F2841D238157A7004EBBDF /* Frameworks */,
				73F2841E238157A7004EBBDF /* Resources */,
				1E05D1ACEE891928C598875C /* [CP] Embed Pods Frameworks */,
			);
			buildRules = (
			);
			dependencies = (
			);
			name = SampleApp;
			productName = SampleApp;
			productReference = 73F28420238157A7004EBBDF /* SampleApp.app */;
			productType = "com.apple.product-type.application";
		};
/* End PBXNativeTarget section */

/* Begin PBXProject section */
		73F28418238157A7004EBBDF /* Project object */ = {
			isa = PBXProject;
			attributes = {
				LastSwiftUpdateCheck = 1120;
				LastUpgradeCheck = 1200;
				ORGANIZATIONNAME = sktelecom;
				TargetAttributes = {
					73F2841F238157A7004EBBDF = {
						CreatedOnToolsVersion = 11.2;
					};
				};
			};
			buildConfigurationList = 73F2841B238157A7004EBBDF /* Build configuration list for PBXProject "SampleApp" */;
			compatibilityVersion = "Xcode 9.3";
			developmentRegion = en;
			hasScannedForEncodings = 0;
			knownRegions = (
				en,
				Base,
			);
			mainGroup = 73F28417238157A7004EBBDF;
			productRefGroup = 73F28421238157A7004EBBDF /* Products */;
			projectDirPath = "";
			projectRoot = "";
			targets = (
				73F2841F238157A7004EBBDF /* SampleApp */,
			);
		};
/* End PBXProject section */

/* Begin PBXResourcesBuildPhase section */
		73F2841E238157A7004EBBDF /* Resources */ = {
			isa = PBXResourcesBuildPhase;
			buildActionMask = 2147483647;
			files = (
				7E6A0B16241084C000C7A19E /* Main.storyboard in Resources */,
				7E6A0B14241084C000C7A19E /* Assets.xcassets in Resources */,
				7E6A0B3C2410888000C7A19E /* poc_end_error.wav in Resources */,
				7ECD3DF024F64605007F29CE /* listening_start.wav in Resources */,
				7ECD3DEF24F64605007F29CE /* listening_end.wav in Resources */,
				7E6A0B3F2410888000C7A19E /* device_GW_error_006.wav in Resources */,
				7E6A0B3E2410888000C7A19E /* device_GW_error_004.wav in Resources */,
				7E6A0B392410888000C7A19E /* device_GW_error_003.wav in Resources */,
				7E6A0B3D2410888000C7A19E /* device_GW_error_005.wav in Resources */,
				7E6A0B15241084C000C7A19E /* LaunchScreen.storyboard in Resources */,
				7E6A0B3A2410888000C7A19E /* device_GW_error_002.wav in Resources */,
				7ECD3DEE24F64605007F29CE /* responsefail.wav in Resources */,
				7E6A0B3B2410888000C7A19E /* device_GW_error_001.wav in Resources */,
			);
			runOnlyForDeploymentPostprocessing = 0;
		};
/* End PBXResourcesBuildPhase section */

/* Begin PBXShellScriptBuildPhase section */
		1E05D1ACEE891928C598875C /* [CP] Embed Pods Frameworks */ = {
			isa = PBXShellScriptBuildPhase;
			buildActionMask = 2147483647;
			files = (
			);
			inputFileListPaths = (
				"${PODS_ROOT}/Target Support Files/Pods-SampleApp/Pods-SampleApp-frameworks-${CONFIGURATION}-input-files.xcfilelist",
			);
			name = "[CP] Embed Pods Frameworks";
			outputFileListPaths = (
				"${PODS_ROOT}/Target Support Files/Pods-SampleApp/Pods-SampleApp-frameworks-${CONFIGURATION}-output-files.xcfilelist",
			);
			runOnlyForDeploymentPostprocessing = 0;
			shellPath = /bin/sh;
			shellScript = "\"${PODS_ROOT}/Target Support Files/Pods-SampleApp/Pods-SampleApp-frameworks.sh\"\n";
			showEnvVarsInLog = 0;
		};
		520334D3A2C2681C4E60F4E7 /* [CP] Check Pods Manifest.lock */ = {
			isa = PBXShellScriptBuildPhase;
			buildActionMask = 2147483647;
			files = (
			);
			inputFileListPaths = (
			);
			inputPaths = (
				"${PODS_PODFILE_DIR_PATH}/Podfile.lock",
				"${PODS_ROOT}/Manifest.lock",
			);
			name = "[CP] Check Pods Manifest.lock";
			outputFileListPaths = (
			);
			outputPaths = (
				"$(DERIVED_FILE_DIR)/Pods-SampleApp-checkManifestLockResult.txt",
			);
			runOnlyForDeploymentPostprocessing = 0;
			shellPath = /bin/sh;
			shellScript = "diff \"${PODS_PODFILE_DIR_PATH}/Podfile.lock\" \"${PODS_ROOT}/Manifest.lock\" > /dev/null\nif [ $? != 0 ] ; then\n    # print error to STDERR\n    echo \"error: The sandbox is not in sync with the Podfile.lock. Run 'pod install' or update your CocoaPods installation.\" >&2\n    exit 1\nfi\n# This output is used by Xcode 'outputs' to avoid re-running this script phase.\necho \"SUCCESS\" > \"${SCRIPT_OUTPUT_FILE_0}\"\n";
			showEnvVarsInLog = 0;
		};
/* End PBXShellScriptBuildPhase section */

/* Begin PBXSourcesBuildPhase section */
		73F2841C238157A7004EBBDF /* Sources */ = {
			isa = PBXSourcesBuildPhase;
			buildActionMask = 2147483647;
			files = (
				73F284E123815CC9004EBBDF /* MainViewController.swift in Sources */,
				7E91D19024AF281E00E48017 /* NuguServiceWebViewController.swift in Sources */,
				7E6D1170249C6E1800E3580C /* SettingTableViewCell.swift in Sources */,
				73F284DF23815CC9004EBBDF /* SettingViewController.swift in Sources */,
				73F284FE23815CC9004EBBDF /* AppDelegate.swift in Sources */,
				7E6A0B0D2410849C00C7A19E /* UserDefaultsWrapper.swift in Sources */,
				7E06776625F216340065F2F0 /* GuideWebViewController.swift in Sources */,
				73F284E023815CC9004EBBDF /* IntroViewController.swift in Sources */,
				73F284F923815CC9004EBBDF /* SampleAppError.swift in Sources */,
				73F284FC23815CC9004EBBDF /* NuguCentralManager.swift in Sources */,
				73F2850123815CC9004EBBDF /* UserDefaults+Standard.swift in Sources */,
				73F284FA23815CC9004EBBDF /* SampleApp.swift in Sources */,
				7E6A0B0B2410849C00C7A19E /* LocalTTSAgent.swift in Sources */,
			);
			runOnlyForDeploymentPostprocessing = 0;
		};
/* End PBXSourcesBuildPhase section */

/* Begin PBXVariantGroup section */
		7E6A0B10241084C000C7A19E /* LaunchScreen.storyboard */ = {
			isa = PBXVariantGroup;
			children = (
				7E6A0B11241084C000C7A19E /* Base */,
			);
			name = LaunchScreen.storyboard;
			sourceTree = "<group>";
		};
		7E6A0B12241084C000C7A19E /* Main.storyboard */ = {
			isa = PBXVariantGroup;
			children = (
				7E6A0B13241084C000C7A19E /* Base */,
			);
			name = Main.storyboard;
			sourceTree = "<group>";
		};
/* End PBXVariantGroup section */

/* Begin XCBuildConfiguration section */
		73F28432238157A9004EBBDF /* Debug */ = {
			isa = XCBuildConfiguration;
			buildSettings = {
				ALWAYS_SEARCH_USER_PATHS = NO;
				CLANG_ANALYZER_NONNULL = YES;
				CLANG_ANALYZER_NUMBER_OBJECT_CONVERSION = YES_AGGRESSIVE;
				CLANG_CXX_LANGUAGE_STANDARD = "gnu++14";
				CLANG_CXX_LIBRARY = "libc++";
				CLANG_ENABLE_MODULES = YES;
				CLANG_ENABLE_OBJC_ARC = YES;
				CLANG_ENABLE_OBJC_WEAK = YES;
				CLANG_WARN_BLOCK_CAPTURE_AUTORELEASING = YES;
				CLANG_WARN_BOOL_CONVERSION = YES;
				CLANG_WARN_COMMA = YES;
				CLANG_WARN_CONSTANT_CONVERSION = YES;
				CLANG_WARN_DEPRECATED_OBJC_IMPLEMENTATIONS = YES;
				CLANG_WARN_DIRECT_OBJC_ISA_USAGE = YES_ERROR;
				CLANG_WARN_DOCUMENTATION_COMMENTS = YES;
				CLANG_WARN_EMPTY_BODY = YES;
				CLANG_WARN_ENUM_CONVERSION = YES;
				CLANG_WARN_INFINITE_RECURSION = YES;
				CLANG_WARN_INT_CONVERSION = YES;
				CLANG_WARN_NON_LITERAL_NULL_CONVERSION = YES;
				CLANG_WARN_OBJC_IMPLICIT_RETAIN_SELF = YES;
				CLANG_WARN_OBJC_LITERAL_CONVERSION = YES;
				CLANG_WARN_OBJC_ROOT_CLASS = YES_ERROR;
				CLANG_WARN_QUOTED_INCLUDE_IN_FRAMEWORK_HEADER = YES;
				CLANG_WARN_RANGE_LOOP_ANALYSIS = YES;
				CLANG_WARN_STRICT_PROTOTYPES = YES;
				CLANG_WARN_SUSPICIOUS_MOVE = YES;
				CLANG_WARN_UNGUARDED_AVAILABILITY = YES_AGGRESSIVE;
				CLANG_WARN_UNREACHABLE_CODE = YES;
				CLANG_WARN__DUPLICATE_METHOD_MATCH = YES;
				COPY_PHASE_STRIP = NO;
				DEBUG_INFORMATION_FORMAT = dwarf;
				ENABLE_STRICT_OBJC_MSGSEND = YES;
				ENABLE_TESTABILITY = YES;
				GCC_C_LANGUAGE_STANDARD = gnu11;
				GCC_DYNAMIC_NO_PIC = NO;
				GCC_NO_COMMON_BLOCKS = YES;
				GCC_OPTIMIZATION_LEVEL = 0;
				GCC_PREPROCESSOR_DEFINITIONS = (
					"DEBUG=1",
					"$(inherited)",
				);
				GCC_WARN_64_TO_32_BIT_CONVERSION = YES;
				GCC_WARN_ABOUT_RETURN_TYPE = YES_ERROR;
				GCC_WARN_UNDECLARED_SELECTOR = YES;
				GCC_WARN_UNINITIALIZED_AUTOS = YES_AGGRESSIVE;
				GCC_WARN_UNUSED_FUNCTION = YES;
				GCC_WARN_UNUSED_VARIABLE = YES;
				IPHONEOS_DEPLOYMENT_TARGET = 10.0;
				MTL_ENABLE_DEBUG_INFO = INCLUDE_SOURCE;
				MTL_FAST_MATH = YES;
				ONLY_ACTIVE_ARCH = YES;
				SDKROOT = iphoneos;
				SWIFT_ACTIVE_COMPILATION_CONDITIONS = DEBUG;
				SWIFT_OPTIMIZATION_LEVEL = "-Onone";
			};
			name = Debug;
		};
		73F28433238157A9004EBBDF /* Release */ = {
			isa = XCBuildConfiguration;
			buildSettings = {
				ALWAYS_SEARCH_USER_PATHS = NO;
				CLANG_ANALYZER_NONNULL = YES;
				CLANG_ANALYZER_NUMBER_OBJECT_CONVERSION = YES_AGGRESSIVE;
				CLANG_CXX_LANGUAGE_STANDARD = "gnu++14";
				CLANG_CXX_LIBRARY = "libc++";
				CLANG_ENABLE_MODULES = YES;
				CLANG_ENABLE_OBJC_ARC = YES;
				CLANG_ENABLE_OBJC_WEAK = YES;
				CLANG_WARN_BLOCK_CAPTURE_AUTORELEASING = YES;
				CLANG_WARN_BOOL_CONVERSION = YES;
				CLANG_WARN_COMMA = YES;
				CLANG_WARN_CONSTANT_CONVERSION = YES;
				CLANG_WARN_DEPRECATED_OBJC_IMPLEMENTATIONS = YES;
				CLANG_WARN_DIRECT_OBJC_ISA_USAGE = YES_ERROR;
				CLANG_WARN_DOCUMENTATION_COMMENTS = YES;
				CLANG_WARN_EMPTY_BODY = YES;
				CLANG_WARN_ENUM_CONVERSION = YES;
				CLANG_WARN_INFINITE_RECURSION = YES;
				CLANG_WARN_INT_CONVERSION = YES;
				CLANG_WARN_NON_LITERAL_NULL_CONVERSION = YES;
				CLANG_WARN_OBJC_IMPLICIT_RETAIN_SELF = YES;
				CLANG_WARN_OBJC_LITERAL_CONVERSION = YES;
				CLANG_WARN_OBJC_ROOT_CLASS = YES_ERROR;
				CLANG_WARN_QUOTED_INCLUDE_IN_FRAMEWORK_HEADER = YES;
				CLANG_WARN_RANGE_LOOP_ANALYSIS = YES;
				CLANG_WARN_STRICT_PROTOTYPES = YES;
				CLANG_WARN_SUSPICIOUS_MOVE = YES;
				CLANG_WARN_UNGUARDED_AVAILABILITY = YES_AGGRESSIVE;
				CLANG_WARN_UNREACHABLE_CODE = YES;
				CLANG_WARN__DUPLICATE_METHOD_MATCH = YES;
				COPY_PHASE_STRIP = NO;
				DEBUG_INFORMATION_FORMAT = "dwarf-with-dsym";
				ENABLE_NS_ASSERTIONS = NO;
				ENABLE_STRICT_OBJC_MSGSEND = YES;
				GCC_C_LANGUAGE_STANDARD = gnu11;
				GCC_NO_COMMON_BLOCKS = YES;
				GCC_WARN_64_TO_32_BIT_CONVERSION = YES;
				GCC_WARN_ABOUT_RETURN_TYPE = YES_ERROR;
				GCC_WARN_UNDECLARED_SELECTOR = YES;
				GCC_WARN_UNINITIALIZED_AUTOS = YES_AGGRESSIVE;
				GCC_WARN_UNUSED_FUNCTION = YES;
				GCC_WARN_UNUSED_VARIABLE = YES;
				IPHONEOS_DEPLOYMENT_TARGET = 10.0;
				MTL_ENABLE_DEBUG_INFO = NO;
				MTL_FAST_MATH = YES;
				SDKROOT = iphoneos;
				SWIFT_COMPILATION_MODE = wholemodule;
				SWIFT_OPTIMIZATION_LEVEL = "-O";
				VALIDATE_PRODUCT = YES;
			};
			name = Release;
		};
		73F28435238157A9004EBBDF /* Debug */ = {
			isa = XCBuildConfiguration;
			baseConfigurationReference = 970814E73D7C771F9B37F9A1 /* Pods-SampleApp.debug.xcconfig */;
			buildSettings = {
				ASSETCATALOG_COMPILER_APPICON_NAME = AppIcon;
				CODE_SIGN_ENTITLEMENTS = "Supporting Files/SampleApp.entitlements";
				CODE_SIGN_IDENTITY = "Apple Development";
				CODE_SIGN_STYLE = Automatic;
				DEVELOPMENT_TEAM = QUEYTE2JMS;
				INFOPLIST_FILE = "$(SRCROOT)/Supporting Files/Info.plist";
				LD_RUNPATH_SEARCH_PATHS = (
					"$(inherited)",
					"@executable_path/Frameworks",
				);
				PRODUCT_BUNDLE_IDENTIFIER = com.sktelecom.romaine.SampleApp;
				PRODUCT_NAME = "$(TARGET_NAME)";
				PROVISIONING_PROFILE_SPECIFIER = "";
				SWIFT_VERSION = 5.0;
				TARGETED_DEVICE_FAMILY = "1,2";
			};
			name = Debug;
		};
		73F28436238157A9004EBBDF /* Release */ = {
			isa = XCBuildConfiguration;
			baseConfigurationReference = 3251FD919C1818DBE8CE0077 /* Pods-SampleApp.release.xcconfig */;
			buildSettings = {
				ASSETCATALOG_COMPILER_APPICON_NAME = AppIcon;
				CODE_SIGN_ENTITLEMENTS = "Supporting Files/SampleApp.entitlements";
				CODE_SIGN_IDENTITY = "Apple Development";
				CODE_SIGN_STYLE = Automatic;
				DEVELOPMENT_TEAM = QUEYTE2JMS;
				INFOPLIST_FILE = "$(SRCROOT)/Supporting Files/Info.plist";
				LD_RUNPATH_SEARCH_PATHS = (
					"$(inherited)",
					"@executable_path/Frameworks",
				);
				PRODUCT_BUNDLE_IDENTIFIER = com.sktelecom.romaine.SampleApp;
				PRODUCT_NAME = "$(TARGET_NAME)";
				PROVISIONING_PROFILE_SPECIFIER = "";
				SWIFT_VERSION = 5.0;
				TARGETED_DEVICE_FAMILY = "1,2";
			};
			name = Release;
		};
/* End XCBuildConfiguration section */

/* Begin XCConfigurationList section */
		73F2841B238157A7004EBBDF /* Build configuration list for PBXProject "SampleApp" */ = {
			isa = XCConfigurationList;
			buildConfigurations = (
				73F28432238157A9004EBBDF /* Debug */,
				73F28433238157A9004EBBDF /* Release */,
			);
			defaultConfigurationIsVisible = 0;
			defaultConfigurationName = Release;
		};
		73F28434238157A9004EBBDF /* Build configuration list for PBXNativeTarget "SampleApp" */ = {
			isa = XCConfigurationList;
			buildConfigurations = (
				73F28435238157A9004EBBDF /* Debug */,
				73F28436238157A9004EBBDF /* Release */,
			);
			defaultConfigurationIsVisible = 0;
			defaultConfigurationName = Release;
		};
/* End XCConfigurationList section */
	};
	rootObject = 73F28418238157A7004EBBDF /* Project object */;
}
