// !$*UTF8*$!
{
	archiveVersion = 1;
	classes = {
	};
	objectVersion = 51;
	objects = {

/* Begin PBXBuildFile section */
		00D0AF5251527833593F4745 /* Pods_NuguClientTest.framework in Frameworks */ = {isa = PBXBuildFile; fileRef = FF20E54BDA96D28C87A9F13E /* Pods_NuguClientTest.framework */; };
		56BC9218C9C3619FCE48BB08 /* Pods_NuguTest.framework in Frameworks */ = {isa = PBXBuildFile; fileRef = F63945C3C378EDA6C78D49C6 /* Pods_NuguTest.framework */; };
		7350026023604FAC001D95FF /* AppDelegate.swift in Sources */ = {isa = PBXBuildFile; fileRef = 7350025F23604FAC001D95FF /* AppDelegate.swift */; };
		7350026223604FAC001D95FF /* SceneDelegate.swift in Sources */ = {isa = PBXBuildFile; fileRef = 7350026123604FAC001D95FF /* SceneDelegate.swift */; };
		7350026423604FAC001D95FF /* ContentView.swift in Sources */ = {isa = PBXBuildFile; fileRef = 7350026323604FAC001D95FF /* ContentView.swift */; };
		7350026623604FAC001D95FF /* Assets.xcassets in Resources */ = {isa = PBXBuildFile; fileRef = 7350026523604FAC001D95FF /* Assets.xcassets */; };
		7350026923604FAC001D95FF /* Preview Assets.xcassets in Resources */ = {isa = PBXBuildFile; fileRef = 7350026823604FAC001D95FF /* Preview Assets.xcassets */; };
		7350026C23604FAC001D95FF /* LaunchScreen.storyboard in Resources */ = {isa = PBXBuildFile; fileRef = 7350026A23604FAC001D95FF /* LaunchScreen.storyboard */; };
		7350027A23604FC2001D95FF /* NuguCoreTest.swift in Sources */ = {isa = PBXBuildFile; fileRef = 7350027923604FC2001D95FF /* NuguCoreTest.swift */; };
		73EA5E3B23616A9800EB0132 /* NuguClientTest.swift in Sources */ = {isa = PBXBuildFile; fileRef = 73EA5E3A23616A9800EB0132 /* NuguClientTest.swift */; };
		F229AA5AC8FC4BD1812608E7 /* Pods_NuguCoreTest.framework in Frameworks */ = {isa = PBXBuildFile; fileRef = D79176B9F1770BC6F5DE8E10 /* Pods_NuguCoreTest.framework */; };
/* End PBXBuildFile section */

/* Begin PBXContainerItemProxy section */
		7350027C23604FC2001D95FF /* PBXContainerItemProxy */ = {
			isa = PBXContainerItemProxy;
			containerPortal = 7350025423604FAC001D95FF /* Project object */;
			proxyType = 1;
			remoteGlobalIDString = 7350025B23604FAC001D95FF;
			remoteInfo = NuguTest;
		};
		73EA5E3D23616A9800EB0132 /* PBXContainerItemProxy */ = {
			isa = PBXContainerItemProxy;
			containerPortal = 7350025423604FAC001D95FF /* Project object */;
			proxyType = 1;
			remoteGlobalIDString = 7350025B23604FAC001D95FF;
			remoteInfo = NuguTest;
		};
/* End PBXContainerItemProxy section */

/* Begin PBXFileReference section */
		19186E1F160221EC20FD3B1E /* Pods-NuguTest.debug.xcconfig */ = {isa = PBXFileReference; includeInIndex = 1; lastKnownFileType = text.xcconfig; name = "Pods-NuguTest.debug.xcconfig"; path = "Target Support Files/Pods-NuguTest/Pods-NuguTest.debug.xcconfig"; sourceTree = "<group>"; };
		3885125A2A58919874788E77 /* Pods-NuguCoreTest.debug.xcconfig */ = {isa = PBXFileReference; includeInIndex = 1; lastKnownFileType = text.xcconfig; name = "Pods-NuguCoreTest.debug.xcconfig"; path = "Target Support Files/Pods-NuguCoreTest/Pods-NuguCoreTest.debug.xcconfig"; sourceTree = "<group>"; };
		61BF27FFB61B6D27AAE1FE25 /* Pods-NuguClientTest.debug.xcconfig */ = {isa = PBXFileReference; includeInIndex = 1; lastKnownFileType = text.xcconfig; name = "Pods-NuguClientTest.debug.xcconfig"; path = "Target Support Files/Pods-NuguClientTest/Pods-NuguClientTest.debug.xcconfig"; sourceTree = "<group>"; };
		73077FC917A739D758808A74 /* Pods-NuguTest.release.xcconfig */ = {isa = PBXFileReference; includeInIndex = 1; lastKnownFileType = text.xcconfig; name = "Pods-NuguTest.release.xcconfig"; path = "Target Support Files/Pods-NuguTest/Pods-NuguTest.release.xcconfig"; sourceTree = "<group>"; };
		7350025C23604FAC001D95FF /* NuguTest.app */ = {isa = PBXFileReference; explicitFileType = wrapper.application; includeInIndex = 0; path = NuguTest.app; sourceTree = BUILT_PRODUCTS_DIR; };
		7350025F23604FAC001D95FF /* AppDelegate.swift */ = {isa = PBXFileReference; lastKnownFileType = sourcecode.swift; path = AppDelegate.swift; sourceTree = "<group>"; };
		7350026123604FAC001D95FF /* SceneDelegate.swift */ = {isa = PBXFileReference; lastKnownFileType = sourcecode.swift; path = SceneDelegate.swift; sourceTree = "<group>"; };
		7350026323604FAC001D95FF /* ContentView.swift */ = {isa = PBXFileReference; lastKnownFileType = sourcecode.swift; path = ContentView.swift; sourceTree = "<group>"; };
		7350026523604FAC001D95FF /* Assets.xcassets */ = {isa = PBXFileReference; lastKnownFileType = folder.assetcatalog; path = Assets.xcassets; sourceTree = "<group>"; };
		7350026823604FAC001D95FF /* Preview Assets.xcassets */ = {isa = PBXFileReference; lastKnownFileType = folder.assetcatalog; path = "Preview Assets.xcassets"; sourceTree = "<group>"; };
		7350026B23604FAC001D95FF /* Base */ = {isa = PBXFileReference; lastKnownFileType = file.storyboard; name = Base; path = Base.lproj/LaunchScreen.storyboard; sourceTree = "<group>"; };
		7350026D23604FAC001D95FF /* Info.plist */ = {isa = PBXFileReference; lastKnownFileType = text.plist.xml; path = Info.plist; sourceTree = "<group>"; };
		7350027723604FC2001D95FF /* NuguCoreTest.xctest */ = {isa = PBXFileReference; explicitFileType = wrapper.cfbundle; includeInIndex = 0; path = NuguCoreTest.xctest; sourceTree = BUILT_PRODUCTS_DIR; };
		7350027923604FC2001D95FF /* NuguCoreTest.swift */ = {isa = PBXFileReference; lastKnownFileType = sourcecode.swift; path = NuguCoreTest.swift; sourceTree = "<group>"; };
		7350027B23604FC2001D95FF /* Info.plist */ = {isa = PBXFileReference; lastKnownFileType = text.plist.xml; path = Info.plist; sourceTree = "<group>"; };
		73EA5E3823616A9800EB0132 /* NuguClientTest.xctest */ = {isa = PBXFileReference; explicitFileType = wrapper.cfbundle; includeInIndex = 0; path = NuguClientTest.xctest; sourceTree = BUILT_PRODUCTS_DIR; };
		73EA5E3A23616A9800EB0132 /* NuguClientTest.swift */ = {isa = PBXFileReference; lastKnownFileType = sourcecode.swift; path = NuguClientTest.swift; sourceTree = "<group>"; };
		73EA5E3C23616A9800EB0132 /* Info.plist */ = {isa = PBXFileReference; lastKnownFileType = text.plist.xml; path = Info.plist; sourceTree = "<group>"; };
		AAC6B83C539E55A2F361DCF1 /* Pods-NuguCoreTest.release.xcconfig */ = {isa = PBXFileReference; includeInIndex = 1; lastKnownFileType = text.xcconfig; name = "Pods-NuguCoreTest.release.xcconfig"; path = "Target Support Files/Pods-NuguCoreTest/Pods-NuguCoreTest.release.xcconfig"; sourceTree = "<group>"; };
		D79176B9F1770BC6F5DE8E10 /* Pods_NuguCoreTest.framework */ = {isa = PBXFileReference; explicitFileType = wrapper.framework; includeInIndex = 0; path = Pods_NuguCoreTest.framework; sourceTree = BUILT_PRODUCTS_DIR; };
		DB94ACBB6CAB9620C336F11D /* Pods-NuguClientTest.release.xcconfig */ = {isa = PBXFileReference; includeInIndex = 1; lastKnownFileType = text.xcconfig; name = "Pods-NuguClientTest.release.xcconfig"; path = "Target Support Files/Pods-NuguClientTest/Pods-NuguClientTest.release.xcconfig"; sourceTree = "<group>"; };
		F63945C3C378EDA6C78D49C6 /* Pods_NuguTest.framework */ = {isa = PBXFileReference; explicitFileType = wrapper.framework; includeInIndex = 0; path = Pods_NuguTest.framework; sourceTree = BUILT_PRODUCTS_DIR; };
		FF20E54BDA96D28C87A9F13E /* Pods_NuguClientTest.framework */ = {isa = PBXFileReference; explicitFileType = wrapper.framework; includeInIndex = 0; path = Pods_NuguClientTest.framework; sourceTree = BUILT_PRODUCTS_DIR; };
/* End PBXFileReference section */

/* Begin PBXFrameworksBuildPhase section */
		7350025923604FAC001D95FF /* Frameworks */ = {
			isa = PBXFrameworksBuildPhase;
			buildActionMask = 2147483647;
			files = (
				56BC9218C9C3619FCE48BB08 /* Pods_NuguTest.framework in Frameworks */,
			);
			runOnlyForDeploymentPostprocessing = 0;
		};
		7350027423604FC2001D95FF /* Frameworks */ = {
			isa = PBXFrameworksBuildPhase;
			buildActionMask = 2147483647;
			files = (
				F229AA5AC8FC4BD1812608E7 /* Pods_NuguCoreTest.framework in Frameworks */,
			);
			runOnlyForDeploymentPostprocessing = 0;
		};
		73EA5E3523616A9800EB0132 /* Frameworks */ = {
			isa = PBXFrameworksBuildPhase;
			buildActionMask = 2147483647;
			files = (
				00D0AF5251527833593F4745 /* Pods_NuguClientTest.framework in Frameworks */,
			);
			runOnlyForDeploymentPostprocessing = 0;
		};
/* End PBXFrameworksBuildPhase section */

/* Begin PBXGroup section */
		7350025323604FAC001D95FF = {
			isa = PBXGroup;
			children = (
				7350025E23604FAC001D95FF /* NuguTest */,
				7350027823604FC2001D95FF /* NuguCoreTest */,
				73EA5E3923616A9800EB0132 /* NuguClientTest */,
				7350025D23604FAC001D95FF /* Products */,
				BBE46C726AEAA216ACCEF3F1 /* Pods */,
				F0B2F89C6EB0246FA686A85A /* Frameworks */,
			);
			sourceTree = "<group>";
		};
		7350025D23604FAC001D95FF /* Products */ = {
			isa = PBXGroup;
			children = (
				7350025C23604FAC001D95FF /* NuguTest.app */,
				7350027723604FC2001D95FF /* NuguCoreTest.xctest */,
				73EA5E3823616A9800EB0132 /* NuguClientTest.xctest */,
			);
			name = Products;
			sourceTree = "<group>";
		};
		7350025E23604FAC001D95FF /* NuguTest */ = {
			isa = PBXGroup;
			children = (
				7350025F23604FAC001D95FF /* AppDelegate.swift */,
				7350026123604FAC001D95FF /* SceneDelegate.swift */,
				7350026323604FAC001D95FF /* ContentView.swift */,
				7350026523604FAC001D95FF /* Assets.xcassets */,
				7350026A23604FAC001D95FF /* LaunchScreen.storyboard */,
				7350026D23604FAC001D95FF /* Info.plist */,
				7350026723604FAC001D95FF /* Preview Content */,
			);
			path = NuguTest;
			sourceTree = "<group>";
		};
		7350026723604FAC001D95FF /* Preview Content */ = {
			isa = PBXGroup;
			children = (
				7350026823604FAC001D95FF /* Preview Assets.xcassets */,
			);
			path = "Preview Content";
			sourceTree = "<group>";
		};
		7350027823604FC2001D95FF /* NuguCoreTest */ = {
			isa = PBXGroup;
			children = (
				7350027923604FC2001D95FF /* NuguCoreTest.swift */,
				7350027B23604FC2001D95FF /* Info.plist */,
			);
			path = NuguCoreTest;
			sourceTree = "<group>";
		};
		73EA5E3923616A9800EB0132 /* NuguClientTest */ = {
			isa = PBXGroup;
			children = (
				73EA5E3A23616A9800EB0132 /* NuguClientTest.swift */,
				73EA5E3C23616A9800EB0132 /* Info.plist */,
			);
			path = NuguClientTest;
			sourceTree = "<group>";
		};
		BBE46C726AEAA216ACCEF3F1 /* Pods */ = {
			isa = PBXGroup;
			children = (
				19186E1F160221EC20FD3B1E /* Pods-NuguTest.debug.xcconfig */,
				73077FC917A739D758808A74 /* Pods-NuguTest.release.xcconfig */,
				3885125A2A58919874788E77 /* Pods-NuguCoreTest.debug.xcconfig */,
				AAC6B83C539E55A2F361DCF1 /* Pods-NuguCoreTest.release.xcconfig */,
				61BF27FFB61B6D27AAE1FE25 /* Pods-NuguClientTest.debug.xcconfig */,
				DB94ACBB6CAB9620C336F11D /* Pods-NuguClientTest.release.xcconfig */,
			);
			path = Pods;
			sourceTree = "<group>";
		};
		F0B2F89C6EB0246FA686A85A /* Frameworks */ = {
			isa = PBXGroup;
			children = (
				F63945C3C378EDA6C78D49C6 /* Pods_NuguTest.framework */,
				D79176B9F1770BC6F5DE8E10 /* Pods_NuguCoreTest.framework */,
				FF20E54BDA96D28C87A9F13E /* Pods_NuguClientTest.framework */,
			);
			name = Frameworks;
			sourceTree = "<group>";
		};
/* End PBXGroup section */

/* Begin PBXNativeTarget section */
		7350025B23604FAC001D95FF /* NuguTest */ = {
			isa = PBXNativeTarget;
			buildConfigurationList = 7350027023604FAC001D95FF /* Build configuration list for PBXNativeTarget "NuguTest" */;
			buildPhases = (
				31FE063B833DA74B601CC4FF /* [CP] Check Pods Manifest.lock */,
				7350025823604FAC001D95FF /* Sources */,
				7350025923604FAC001D95FF /* Frameworks */,
				7350025A23604FAC001D95FF /* Resources */,
				DE276F607ABA99BE6FE9D7F2 /* [CP] Embed Pods Frameworks */,
			);
			buildRules = (
			);
			dependencies = (
			);
			name = NuguTest;
			productName = NuguTest;
			productReference = 7350025C23604FAC001D95FF /* NuguTest.app */;
			productType = "com.apple.product-type.application";
		};
		7350027623604FC2001D95FF /* NuguCoreTest */ = {
			isa = PBXNativeTarget;
			buildConfigurationList = 7350027E23604FC2001D95FF /* Build configuration list for PBXNativeTarget "NuguCoreTest" */;
			buildPhases = (
				EDB54F8ABCA27859DA399868 /* [CP] Check Pods Manifest.lock */,
				7350027323604FC2001D95FF /* Sources */,
				7350027423604FC2001D95FF /* Frameworks */,
				7350027523604FC2001D95FF /* Resources */,
			);
			buildRules = (
			);
			dependencies = (
				7350027D23604FC2001D95FF /* PBXTargetDependency */,
			);
			name = NuguCoreTest;
			productName = NuguCoreTest;
			productReference = 7350027723604FC2001D95FF /* NuguCoreTest.xctest */;
			productType = "com.apple.product-type.bundle.unit-test";
		};
		73EA5E3723616A9800EB0132 /* NuguClientTest */ = {
			isa = PBXNativeTarget;
			buildConfigurationList = 73EA5E4123616A9800EB0132 /* Build configuration list for PBXNativeTarget "NuguClientTest" */;
			buildPhases = (
				4D72E5C00A03314EC1EE1F97 /* [CP] Check Pods Manifest.lock */,
				73EA5E3423616A9800EB0132 /* Sources */,
				73EA5E3523616A9800EB0132 /* Frameworks */,
				73EA5E3623616A9800EB0132 /* Resources */,
			);
			buildRules = (
			);
			dependencies = (
				73EA5E3E23616A9800EB0132 /* PBXTargetDependency */,
			);
			name = NuguClientTest;
			productName = NuguClientTest;
			productReference = 73EA5E3823616A9800EB0132 /* NuguClientTest.xctest */;
			productType = "com.apple.product-type.bundle.unit-test";
		};
/* End PBXNativeTarget section */

/* Begin PBXProject section */
		7350025423604FAC001D95FF /* Project object */ = {
			isa = PBXProject;
			attributes = {
				DefaultBuildSystemTypeForWorkspace = Original;
				LastSwiftUpdateCheck = 1110;
				LastUpgradeCheck = 1110;
				ORGANIZATIONNAME = sktelecom;
				TargetAttributes = {
					7350025B23604FAC001D95FF = {
						CreatedOnToolsVersion = 11.1;
					};
					7350027623604FC2001D95FF = {
						CreatedOnToolsVersion = 11.1;
						TestTargetID = 7350025B23604FAC001D95FF;
					};
					73EA5E3723616A9800EB0132 = {
						CreatedOnToolsVersion = 11.1;
						TestTargetID = 7350025B23604FAC001D95FF;
					};
				};
			};
			buildConfigurationList = 7350025723604FAC001D95FF /* Build configuration list for PBXProject "NuguTest" */;
			compatibilityVersion = "Xcode 9.3";
			developmentRegion = en;
			hasScannedForEncodings = 0;
			knownRegions = (
				en,
				Base,
			);
			mainGroup = 7350025323604FAC001D95FF;
			productRefGroup = 7350025D23604FAC001D95FF /* Products */;
			projectDirPath = "";
			projectRoot = "";
			targets = (
				7350025B23604FAC001D95FF /* NuguTest */,
				7350027623604FC2001D95FF /* NuguCoreTest */,
				73EA5E3723616A9800EB0132 /* NuguClientTest */,
			);
		};
/* End PBXProject section */

/* Begin PBXResourcesBuildPhase section */
		7350025A23604FAC001D95FF /* Resources */ = {
			isa = PBXResourcesBuildPhase;
			buildActionMask = 2147483647;
			files = (
				7350026C23604FAC001D95FF /* LaunchScreen.storyboard in Resources */,
				7350026923604FAC001D95FF /* Preview Assets.xcassets in Resources */,
				7350026623604FAC001D95FF /* Assets.xcassets in Resources */,
			);
			runOnlyForDeploymentPostprocessing = 0;
		};
		7350027523604FC2001D95FF /* Resources */ = {
			isa = PBXResourcesBuildPhase;
			buildActionMask = 2147483647;
			files = (
			);
			runOnlyForDeploymentPostprocessing = 0;
		};
		73EA5E3623616A9800EB0132 /* Resources */ = {
			isa = PBXResourcesBuildPhase;
			buildActionMask = 2147483647;
			files = (
			);
			runOnlyForDeploymentPostprocessing = 0;
		};
/* End PBXResourcesBuildPhase section */

/* Begin PBXShellScriptBuildPhase section */
		31FE063B833DA74B601CC4FF /* [CP] Check Pods Manifest.lock */ = {
			isa = PBXShellScriptBuildPhase;
			buildActionMask = 2147483647;
			files = (
			);
			inputFileListPaths = (
			);
			inputPaths = (
				"${PODS_PODFILE_DIR_PATH}/Podfile.lock",
				"${PODS_ROOT}/Manifest.lock",
			);
			name = "[CP] Check Pods Manifest.lock";
			outputFileListPaths = (
			);
			outputPaths = (
				"$(DERIVED_FILE_DIR)/Pods-NuguTest-checkManifestLockResult.txt",
			);
			runOnlyForDeploymentPostprocessing = 0;
			shellPath = /bin/sh;
			shellScript = "diff \"${PODS_PODFILE_DIR_PATH}/Podfile.lock\" \"${PODS_ROOT}/Manifest.lock\" > /dev/null\nif [ $? != 0 ] ; then\n    # print error to STDERR\n    echo \"error: The sandbox is not in sync with the Podfile.lock. Run 'pod install' or update your CocoaPods installation.\" >&2\n    exit 1\nfi\n# This output is used by Xcode 'outputs' to avoid re-running this script phase.\necho \"SUCCESS\" > \"${SCRIPT_OUTPUT_FILE_0}\"\n";
			showEnvVarsInLog = 0;
		};
		4D72E5C00A03314EC1EE1F97 /* [CP] Check Pods Manifest.lock */ = {
			isa = PBXShellScriptBuildPhase;
			buildActionMask = 2147483647;
			files = (
			);
			inputFileListPaths = (
			);
			inputPaths = (
				"${PODS_PODFILE_DIR_PATH}/Podfile.lock",
				"${PODS_ROOT}/Manifest.lock",
			);
			name = "[CP] Check Pods Manifest.lock";
			outputFileListPaths = (
			);
			outputPaths = (
				"$(DERIVED_FILE_DIR)/Pods-NuguClientTest-checkManifestLockResult.txt",
			);
			runOnlyForDeploymentPostprocessing = 0;
			shellPath = /bin/sh;
			shellScript = "diff \"${PODS_PODFILE_DIR_PATH}/Podfile.lock\" \"${PODS_ROOT}/Manifest.lock\" > /dev/null\nif [ $? != 0 ] ; then\n    # print error to STDERR\n    echo \"error: The sandbox is not in sync with the Podfile.lock. Run 'pod install' or update your CocoaPods installation.\" >&2\n    exit 1\nfi\n# This output is used by Xcode 'outputs' to avoid re-running this script phase.\necho \"SUCCESS\" > \"${SCRIPT_OUTPUT_FILE_0}\"\n";
			showEnvVarsInLog = 0;
		};
		DE276F607ABA99BE6FE9D7F2 /* [CP] Embed Pods Frameworks */ = {
			isa = PBXShellScriptBuildPhase;
			buildActionMask = 2147483647;
			files = (
			);
			inputFileListPaths = (
				"${PODS_ROOT}/Target Support Files/Pods-NuguTest/Pods-NuguTest-frameworks-${CONFIGURATION}-input-files.xcfilelist",
			);
			name = "[CP] Embed Pods Frameworks";
			outputFileListPaths = (
				"${PODS_ROOT}/Target Support Files/Pods-NuguTest/Pods-NuguTest-frameworks-${CONFIGURATION}-output-files.xcfilelist",
			);
			runOnlyForDeploymentPostprocessing = 0;
			shellPath = /bin/sh;
			shellScript = "\"${PODS_ROOT}/Target Support Files/Pods-NuguTest/Pods-NuguTest-frameworks.sh\"\n";
			showEnvVarsInLog = 0;
		};
		EDB54F8ABCA27859DA399868 /* [CP] Check Pods Manifest.lock */ = {
			isa = PBXShellScriptBuildPhase;
			buildActionMask = 2147483647;
			files = (
			);
			inputFileListPaths = (
			);
			inputPaths = (
				"${PODS_PODFILE_DIR_PATH}/Podfile.lock",
				"${PODS_ROOT}/Manifest.lock",
			);
			name = "[CP] Check Pods Manifest.lock";
			outputFileListPaths = (
			);
			outputPaths = (
				"$(DERIVED_FILE_DIR)/Pods-NuguCoreTest-checkManifestLockResult.txt",
			);
			runOnlyForDeploymentPostprocessing = 0;
			shellPath = /bin/sh;
			shellScript = "diff \"${PODS_PODFILE_DIR_PATH}/Podfile.lock\" \"${PODS_ROOT}/Manifest.lock\" > /dev/null\nif [ $? != 0 ] ; then\n    # print error to STDERR\n    echo \"error: The sandbox is not in sync with the Podfile.lock. Run 'pod install' or update your CocoaPods installation.\" >&2\n    exit 1\nfi\n# This output is used by Xcode 'outputs' to avoid re-running this script phase.\necho \"SUCCESS\" > \"${SCRIPT_OUTPUT_FILE_0}\"\n";
			showEnvVarsInLog = 0;
		};
/* End PBXShellScriptBuildPhase section */

/* Begin PBXSourcesBuildPhase section */
		7350025823604FAC001D95FF /* Sources */ = {
			isa = PBXSourcesBuildPhase;
			buildActionMask = 2147483647;
			files = (
				7350026023604FAC001D95FF /* AppDelegate.swift in Sources */,
				7350026223604FAC001D95FF /* SceneDelegate.swift in Sources */,
				7350026423604FAC001D95FF /* ContentView.swift in Sources */,
			);
			runOnlyForDeploymentPostprocessing = 0;
		};
		7350027323604FC2001D95FF /* Sources */ = {
			isa = PBXSourcesBuildPhase;
			buildActionMask = 2147483647;
			files = (
				7350027A23604FC2001D95FF /* NuguCoreTest.swift in Sources */,
			);
			runOnlyForDeploymentPostprocessing = 0;
		};
		73EA5E3423616A9800EB0132 /* Sources */ = {
			isa = PBXSourcesBuildPhase;
			buildActionMask = 2147483647;
			files = (
				73EA5E3B23616A9800EB0132 /* NuguClientTest.swift in Sources */,
			);
			runOnlyForDeploymentPostprocessing = 0;
		};
/* End PBXSourcesBuildPhase section */

/* Begin PBXTargetDependency section */
		7350027D23604FC2001D95FF /* PBXTargetDependency */ = {
			isa = PBXTargetDependency;
			target = 7350025B23604FAC001D95FF /* NuguTest */;
			targetProxy = 7350027C23604FC2001D95FF /* PBXContainerItemProxy */;
		};
		73EA5E3E23616A9800EB0132 /* PBXTargetDependency */ = {
			isa = PBXTargetDependency;
			target = 7350025B23604FAC001D95FF /* NuguTest */;
			targetProxy = 73EA5E3D23616A9800EB0132 /* PBXContainerItemProxy */;
		};
/* End PBXTargetDependency section */

/* Begin PBXVariantGroup section */
		7350026A23604FAC001D95FF /* LaunchScreen.storyboard */ = {
			isa = PBXVariantGroup;
			children = (
				7350026B23604FAC001D95FF /* Base */,
			);
			name = LaunchScreen.storyboard;
			sourceTree = "<group>";
		};
/* End PBXVariantGroup section */

/* Begin XCBuildConfiguration section */
		7350026E23604FAC001D95FF /* Debug */ = {
			isa = XCBuildConfiguration;
			buildSettings = {
				ALWAYS_SEARCH_USER_PATHS = NO;
				CLANG_ANALYZER_NONNULL = YES;
				CLANG_ANALYZER_NUMBER_OBJECT_CONVERSION = YES_AGGRESSIVE;
				CLANG_CXX_LANGUAGE_STANDARD = "gnu++14";
				CLANG_CXX_LIBRARY = "libc++";
				CLANG_ENABLE_MODULES = YES;
				CLANG_ENABLE_OBJC_ARC = YES;
				CLANG_ENABLE_OBJC_WEAK = YES;
				CLANG_WARN_BLOCK_CAPTURE_AUTORELEASING = YES;
				CLANG_WARN_BOOL_CONVERSION = YES;
				CLANG_WARN_COMMA = YES;
				CLANG_WARN_CONSTANT_CONVERSION = YES;
				CLANG_WARN_DEPRECATED_OBJC_IMPLEMENTATIONS = YES;
				CLANG_WARN_DIRECT_OBJC_ISA_USAGE = YES_ERROR;
				CLANG_WARN_DOCUMENTATION_COMMENTS = YES;
				CLANG_WARN_EMPTY_BODY = YES;
				CLANG_WARN_ENUM_CONVERSION = YES;
				CLANG_WARN_INFINITE_RECURSION = YES;
				CLANG_WARN_INT_CONVERSION = YES;
				CLANG_WARN_NON_LITERAL_NULL_CONVERSION = YES;
				CLANG_WARN_OBJC_IMPLICIT_RETAIN_SELF = YES;
				CLANG_WARN_OBJC_LITERAL_CONVERSION = YES;
				CLANG_WARN_OBJC_ROOT_CLASS = YES_ERROR;
				CLANG_WARN_RANGE_LOOP_ANALYSIS = YES;
				CLANG_WARN_STRICT_PROTOTYPES = YES;
				CLANG_WARN_SUSPICIOUS_MOVE = YES;
				CLANG_WARN_UNGUARDED_AVAILABILITY = YES_AGGRESSIVE;
				CLANG_WARN_UNREACHABLE_CODE = YES;
				CLANG_WARN__DUPLICATE_METHOD_MATCH = YES;
				COPY_PHASE_STRIP = NO;
				DEBUG_INFORMATION_FORMAT = dwarf;
				ENABLE_STRICT_OBJC_MSGSEND = YES;
				ENABLE_TESTABILITY = YES;
				GCC_C_LANGUAGE_STANDARD = gnu11;
				GCC_DYNAMIC_NO_PIC = NO;
				GCC_NO_COMMON_BLOCKS = YES;
				GCC_OPTIMIZATION_LEVEL = 0;
				GCC_PREPROCESSOR_DEFINITIONS = (
					"DEBUG=1",
					"$(inherited)",
				);
				GCC_WARN_64_TO_32_BIT_CONVERSION = YES;
				GCC_WARN_ABOUT_RETURN_TYPE = YES_ERROR;
				GCC_WARN_UNDECLARED_SELECTOR = YES;
				GCC_WARN_UNINITIALIZED_AUTOS = YES_AGGRESSIVE;
				GCC_WARN_UNUSED_FUNCTION = YES;
				GCC_WARN_UNUSED_VARIABLE = YES;
				IPHONEOS_DEPLOYMENT_TARGET = 13.1;
				MTL_ENABLE_DEBUG_INFO = INCLUDE_SOURCE;
				MTL_FAST_MATH = YES;
				ONLY_ACTIVE_ARCH = YES;
				SDKROOT = iphoneos;
				SWIFT_ACTIVE_COMPILATION_CONDITIONS = DEBUG;
				SWIFT_OPTIMIZATION_LEVEL = "-Onone";
			};
			name = Debug;
		};
		7350026F23604FAC001D95FF /* Release */ = {
			isa = XCBuildConfiguration;
			buildSettings = {
				ALWAYS_SEARCH_USER_PATHS = NO;
				CLANG_ANALYZER_NONNULL = YES;
				CLANG_ANALYZER_NUMBER_OBJECT_CONVERSION = YES_AGGRESSIVE;
				CLANG_CXX_LANGUAGE_STANDARD = "gnu++14";
				CLANG_CXX_LIBRARY = "libc++";
				CLANG_ENABLE_MODULES = YES;
				CLANG_ENABLE_OBJC_ARC = YES;
				CLANG_ENABLE_OBJC_WEAK = YES;
				CLANG_WARN_BLOCK_CAPTURE_AUTORELEASING = YES;
				CLANG_WARN_BOOL_CONVERSION = YES;
				CLANG_WARN_COMMA = YES;
				CLANG_WARN_CONSTANT_CONVERSION = YES;
				CLANG_WARN_DEPRECATED_OBJC_IMPLEMENTATIONS = YES;
				CLANG_WARN_DIRECT_OBJC_ISA_USAGE = YES_ERROR;
				CLANG_WARN_DOCUMENTATION_COMMENTS = YES;
				CLANG_WARN_EMPTY_BODY = YES;
				CLANG_WARN_ENUM_CONVERSION = YES;
				CLANG_WARN_INFINITE_RECURSION = YES;
				CLANG_WARN_INT_CONVERSION = YES;
				CLANG_WARN_NON_LITERAL_NULL_CONVERSION = YES;
				CLANG_WARN_OBJC_IMPLICIT_RETAIN_SELF = YES;
				CLANG_WARN_OBJC_LITERAL_CONVERSION = YES;
				CLANG_WARN_OBJC_ROOT_CLASS = YES_ERROR;
				CLANG_WARN_RANGE_LOOP_ANALYSIS = YES;
				CLANG_WARN_STRICT_PROTOTYPES = YES;
				CLANG_WARN_SUSPICIOUS_MOVE = YES;
				CLANG_WARN_UNGUARDED_AVAILABILITY = YES_AGGRESSIVE;
				CLANG_WARN_UNREACHABLE_CODE = YES;
				CLANG_WARN__DUPLICATE_METHOD_MATCH = YES;
				COPY_PHASE_STRIP = NO;
				DEBUG_INFORMATION_FORMAT = "dwarf-with-dsym";
				ENABLE_NS_ASSERTIONS = NO;
				ENABLE_STRICT_OBJC_MSGSEND = YES;
				GCC_C_LANGUAGE_STANDARD = gnu11;
				GCC_NO_COMMON_BLOCKS = YES;
				GCC_WARN_64_TO_32_BIT_CONVERSION = YES;
				GCC_WARN_ABOUT_RETURN_TYPE = YES_ERROR;
				GCC_WARN_UNDECLARED_SELECTOR = YES;
				GCC_WARN_UNINITIALIZED_AUTOS = YES_AGGRESSIVE;
				GCC_WARN_UNUSED_FUNCTION = YES;
				GCC_WARN_UNUSED_VARIABLE = YES;
				IPHONEOS_DEPLOYMENT_TARGET = 13.1;
				MTL_ENABLE_DEBUG_INFO = NO;
				MTL_FAST_MATH = YES;
				SDKROOT = iphoneos;
				SWIFT_COMPILATION_MODE = wholemodule;
				SWIFT_OPTIMIZATION_LEVEL = "-O";
				VALIDATE_PRODUCT = YES;
			};
			name = Release;
		};
		7350027123604FAC001D95FF /* Debug */ = {
			isa = XCBuildConfiguration;
			baseConfigurationReference = 19186E1F160221EC20FD3B1E /* Pods-NuguTest.debug.xcconfig */;
			buildSettings = {
				ASSETCATALOG_COMPILER_APPICON_NAME = AppIcon;
				CODE_SIGN_STYLE = Automatic;
				DEVELOPMENT_ASSET_PATHS = "\"NuguTest/Preview Content\"";
				DEVELOPMENT_TEAM = QUEYTE2JMS;
				ENABLE_PREVIEWS = YES;
				INFOPLIST_FILE = NuguTest/Info.plist;
				LD_RUNPATH_SEARCH_PATHS = (
					"$(inherited)",
					"@executable_path/Frameworks",
				);
				PRODUCT_BUNDLE_IDENTIFIER = com.sktelecom.romaine.NuguTest;
				PRODUCT_NAME = "$(TARGET_NAME)";
				SWIFT_VERSION = 5.0;
				TARGETED_DEVICE_FAMILY = "1,2";
			};
			name = Debug;
		};
		7350027223604FAC001D95FF /* Release */ = {
			isa = XCBuildConfiguration;
			baseConfigurationReference = 73077FC917A739D758808A74 /* Pods-NuguTest.release.xcconfig */;
			buildSettings = {
				ASSETCATALOG_COMPILER_APPICON_NAME = AppIcon;
				CODE_SIGN_STYLE = Automatic;
				DEVELOPMENT_ASSET_PATHS = "\"NuguTest/Preview Content\"";
				DEVELOPMENT_TEAM = QUEYTE2JMS;
				ENABLE_PREVIEWS = YES;
				INFOPLIST_FILE = NuguTest/Info.plist;
				LD_RUNPATH_SEARCH_PATHS = (
					"$(inherited)",
					"@executable_path/Frameworks",
				);
				PRODUCT_BUNDLE_IDENTIFIER = com.sktelecom.romaine.NuguTest;
				PRODUCT_NAME = "$(TARGET_NAME)";
				SWIFT_VERSION = 5.0;
				TARGETED_DEVICE_FAMILY = "1,2";
			};
			name = Release;
		};
		7350027F23604FC2001D95FF /* Debug */ = {
			isa = XCBuildConfiguration;
			baseConfigurationReference = 3885125A2A58919874788E77 /* Pods-NuguCoreTest.debug.xcconfig */;
			buildSettings = {
				CODE_SIGN_STYLE = Automatic;
				DEVELOPMENT_TEAM = QUEYTE2JMS;
				INFOPLIST_FILE = NuguCoreTest/Info.plist;
				LD_RUNPATH_SEARCH_PATHS = (
					"$(inherited)",
					"@executable_path/Frameworks",
					"@loader_path/Frameworks",
				);
				PRODUCT_BUNDLE_IDENTIFIER = com.sktelecom.romaine.NuguCoreTest;
				PRODUCT_NAME = "$(TARGET_NAME)";
				SWIFT_VERSION = 5.0;
				TARGETED_DEVICE_FAMILY = "1,2";
				TEST_HOST = "$(BUILT_PRODUCTS_DIR)/NuguTest.app/NuguTest";
			};
			name = Debug;
		};
		7350028023604FC2001D95FF /* Release */ = {
			isa = XCBuildConfiguration;
			baseConfigurationReference = AAC6B83C539E55A2F361DCF1 /* Pods-NuguCoreTest.release.xcconfig */;
			buildSettings = {
				CODE_SIGN_STYLE = Automatic;
				DEVELOPMENT_TEAM = QUEYTE2JMS;
				INFOPLIST_FILE = NuguCoreTest/Info.plist;
				LD_RUNPATH_SEARCH_PATHS = (
					"$(inherited)",
					"@executable_path/Frameworks",
					"@loader_path/Frameworks",
				);
				PRODUCT_BUNDLE_IDENTIFIER = com.sktelecom.romaine.NuguCoreTest;
				PRODUCT_NAME = "$(TARGET_NAME)";
				SWIFT_VERSION = 5.0;
				TARGETED_DEVICE_FAMILY = "1,2";
				TEST_HOST = "$(BUILT_PRODUCTS_DIR)/NuguTest.app/NuguTest";
			};
			name = Release;
		};
		73EA5E3F23616A9800EB0132 /* Debug */ = {
			isa = XCBuildConfiguration;
			baseConfigurationReference = 61BF27FFB61B6D27AAE1FE25 /* Pods-NuguClientTest.debug.xcconfig */;
			buildSettings = {
				BUNDLE_LOADER = "$(TEST_HOST)";
				CODE_SIGN_STYLE = Automatic;
				DEVELOPMENT_TEAM = QUEYTE2JMS;
				INFOPLIST_FILE = NuguClientTest/Info.plist;
				LD_RUNPATH_SEARCH_PATHS = (
					"$(inherited)",
					"@executable_path/Frameworks",
					"@loader_path/Frameworks",
				);
				PRODUCT_BUNDLE_IDENTIFIER = com.sktelecom.romaine.NuguClientTest;
				PRODUCT_NAME = "$(TARGET_NAME)";
				SWIFT_VERSION = 5.0;
				TARGETED_DEVICE_FAMILY = "1,2";
				TEST_HOST = "$(BUILT_PRODUCTS_DIR)/NuguTest.app/NuguTest";
			};
			name = Debug;
		};
		73EA5E4023616A9800EB0132 /* Release */ = {
			isa = XCBuildConfiguration;
			baseConfigurationReference = DB94ACBB6CAB9620C336F11D /* Pods-NuguClientTest.release.xcconfig */;
			buildSettings = {
				BUNDLE_LOADER = "$(TEST_HOST)";
				CODE_SIGN_STYLE = Automatic;
				DEVELOPMENT_TEAM = QUEYTE2JMS;
				INFOPLIST_FILE = NuguClientTest/Info.plist;
				LD_RUNPATH_SEARCH_PATHS = (
					"$(inherited)",
					"@executable_path/Frameworks",
					"@loader_path/Frameworks",
				);
				PRODUCT_BUNDLE_IDENTIFIER = com.sktelecom.romaine.NuguClientTest;
				PRODUCT_NAME = "$(TARGET_NAME)";
				SWIFT_VERSION = 5.0;
				TARGETED_DEVICE_FAMILY = "1,2";
				TEST_HOST = "$(BUILT_PRODUCTS_DIR)/NuguTest.app/NuguTest";
			};
			name = Release;
		};
/* End XCBuildConfiguration section */

/* Begin XCConfigurationList section */
		7350025723604FAC001D95FF /* Build configuration list for PBXProject "NuguTest" */ = {
			isa = XCConfigurationList;
			buildConfigurations = (
				7350026E23604FAC001D95FF /* Debug */,
				7350026F23604FAC001D95FF /* Release */,
			);
			defaultConfigurationIsVisible = 0;
			defaultConfigurationName = Release;
		};
		7350027023604FAC001D95FF /* Build configuration list for PBXNativeTarget "NuguTest" */ = {
			isa = XCConfigurationList;
			buildConfigurations = (
				7350027123604FAC001D95FF /* Debug */,
				7350027223604FAC001D95FF /* Release */,
			);
			defaultConfigurationIsVisible = 0;
			defaultConfigurationName = Release;
		};
		7350027E23604FC2001D95FF /* Build configuration list for PBXNativeTarget "NuguCoreTest" */ = {
			isa = XCConfigurationList;
			buildConfigurations = (
				7350027F23604FC2001D95FF /* Debug */,
				7350028023604FC2001D95FF /* Release */,
			);
			defaultConfigurationIsVisible = 0;
			defaultConfigurationName = Release;
		};
		73EA5E4123616A9800EB0132 /* Build configuration list for PBXNativeTarget "NuguClientTest" */ = {
			isa = XCConfigurationList;
			buildConfigurations = (
				73EA5E3F23616A9800EB0132 /* Debug */,
				73EA5E4023616A9800EB0132 /* Release */,
			);
			defaultConfigurationIsVisible = 0;
			defaultConfigurationName = Release;
		};
/* End XCConfigurationList section */
	};
	rootObject = 7350025423604FAC001D95FF /* Project object */;
}
