{
  "object": {
    "pins": [
      {
        "package": "Lottie",
        "repositoryURL": "https://github.com/airbnb/lottie-ios",
        "state": {
          "branch": null,
          "revision": "79a0b70547f7c40ea54c67487f935fa2f2eaaadc",
          "version": "3.2.3"
        }
      },
      {
        "package": "NattyLog",
        "repositoryURL": "https://github.com/nugu-developers/natty-log-ios",
        "state": {
          "branch": null,
          "revision": "13cfe3f2b8e42b1be5e14752434f7d728d58cf3c",
          "version": "1.2.2"
        }
      },
      {
        "package": "nugu-ios",
        "repositoryURL": "https://github.com/childc/nugu-ios.git",
        "state": {
          "branch": null,
          "revision": "d105de0074f359e560848ef7c4e6a81673fc8292",
          "version": "1.4.0"
        }
      },
      {
        "package": "RxSwift",
        "repositoryURL": "https://github.com/ReactiveX/RxSwift",
        "state": {
          "branch": null,
          "revision": "254617dd7fae0c45319ba5fbea435bf4d0e15b5d",
          "version": "5.1.2"
        }
      }
    ]
  },
  "version": 1
}
